// !$*UTF8*$!
{
	archiveVersion = 1;
	classes = {
	};
	objectVersion = 46;
	objects = {

/* Begin PBXBuildFile section */
		181A114F22AD925B003EA9CF /* LaunchScreen.storyboard in Resources */ = {isa = PBXBuildFile; fileRef = 181A114E22AD925B003EA9CF /* LaunchScreen.storyboard */; };
		CDCB57E51BED8F4800003224 /* AppDelegate.swift in Sources */ = {isa = PBXBuildFile; fileRef = CDCB57E41BED8F4800003224 /* AppDelegate.swift */; };
		CDCB57E71BED8F4800003224 /* ViewController.swift in Sources */ = {isa = PBXBuildFile; fileRef = CDCB57E61BED8F4800003224 /* ViewController.swift */; };
		CDCB57EA1BED8F4800003224 /* Main.storyboard in Resources */ = {isa = PBXBuildFile; fileRef = CDCB57E81BED8F4800003224 /* Main.storyboard */; };
		CDCB57EC1BED8F4800003224 /* Assets.xcassets in Resources */ = {isa = PBXBuildFile; fileRef = CDCB57EB1BED8F4800003224 /* Assets.xcassets */; };
		CDCB57F81BED941D00003224 /* BullsEyeGame.swift in Sources */ = {isa = PBXBuildFile; fileRef = CDCB57F61BED941D00003224 /* BullsEyeGame.swift */; };
		CDCB57F91BED941D00003224 /* RGB.swift in Sources */ = {isa = PBXBuildFile; fileRef = CDCB57F71BED941D00003224 /* RGB.swift */; };
		CDCB57FB1BED986300003224 /* AboutViewController.swift in Sources */ = {isa = PBXBuildFile; fileRef = CDCB57FA1BED986300003224 /* AboutViewController.swift */; };
/* End PBXBuildFile section */

/* Begin PBXCopyFilesBuildPhase section */
		CDCB58201BED9E4C00003224 /* Embed Watch Content */ = {
			isa = PBXCopyFilesBuildPhase;
			buildActionMask = 2147483647;
			dstPath = "$(CONTENTS_FOLDER_PATH)/Watch";
			dstSubfolderSpec = 16;
			files = (
			);
			name = "Embed Watch Content";
			runOnlyForDeploymentPostprocessing = 0;
		};
/* End PBXCopyFilesBuildPhase section */

/* Begin PBXFileReference section */
		181A114E22AD925B003EA9CF /* LaunchScreen.storyboard */ = {isa = PBXFileReference; fileEncoding = 4; lastKnownFileType = file.storyboard; path = LaunchScreen.storyboard; sourceTree = "<group>"; };
		CDCB57E11BED8F4800003224 /* RGBullsEye.app */ = {isa = PBXFileReference; explicitFileType = wrapper.application; includeInIndex = 0; path = RGBullsEye.app; sourceTree = BUILT_PRODUCTS_DIR; };
		CDCB57E41BED8F4800003224 /* AppDelegate.swift */ = {isa = PBXFileReference; lastKnownFileType = sourcecode.swift; path = AppDelegate.swift; sourceTree = "<group>"; };
		CDCB57E61BED8F4800003224 /* ViewController.swift */ = {isa = PBXFileReference; lastKnownFileType = sourcecode.swift; path = ViewController.swift; sourceTree = "<group>"; };
		CDCB57E91BED8F4800003224 /* Base */ = {isa = PBXFileReference; lastKnownFileType = file.storyboard; name = Base; path = Base.lproj/Main.storyboard; sourceTree = "<group>"; };
		CDCB57EB1BED8F4800003224 /* Assets.xcassets */ = {isa = PBXFileReference; lastKnownFileType = folder.assetcatalog; path = Assets.xcassets; sourceTree = "<group>"; };
		CDCB57F01BED8F4800003224 /* Info.plist */ = {isa = PBXFileReference; lastKnownFileType = text.plist.xml; path = Info.plist; sourceTree = "<group>"; };
		CDCB57F61BED941D00003224 /* BullsEyeGame.swift */ = {isa = PBXFileReference; fileEncoding = 4; lastKnownFileType = sourcecode.swift; path = BullsEyeGame.swift; sourceTree = "<group>"; };
		CDCB57F71BED941D00003224 /* RGB.swift */ = {isa = PBXFileReference; fileEncoding = 4; lastKnownFileType = sourcecode.swift; path = RGB.swift; sourceTree = "<group>"; };
		CDCB57FA1BED986300003224 /* AboutViewController.swift */ = {isa = PBXFileReference; fileEncoding = 4; lastKnownFileType = sourcecode.swift; path = AboutViewController.swift; sourceTree = "<group>"; };
/* End PBXFileReference section */

/* Begin PBXFrameworksBuildPhase section */
		CDCB57DE1BED8F4800003224 /* Frameworks */ = {
			isa = PBXFrameworksBuildPhase;
			buildActionMask = 2147483647;
			files = (
			);
			runOnlyForDeploymentPostprocessing = 0;
		};
/* End PBXFrameworksBuildPhase section */

/* Begin PBXGroup section */
		CDCB57D81BED8F4800003224 = {
			isa = PBXGroup;
			children = (
				CDCB57E31BED8F4800003224 /* RGBullsEye */,
				CDCB57E21BED8F4800003224 /* Products */,
			);
			sourceTree = "<group>";
		};
		CDCB57E21BED8F4800003224 /* Products */ = {
			isa = PBXGroup;
			children = (
				CDCB57E11BED8F4800003224 /* RGBullsEye.app */,
			);
			name = Products;
			sourceTree = "<group>";
		};
		CDCB57E31BED8F4800003224 /* RGBullsEye */ = {
			isa = PBXGroup;
			children = (
				CDCB57E41BED8F4800003224 /* AppDelegate.swift */,
				CDCB57E61BED8F4800003224 /* ViewController.swift */,
				CDCB57F61BED941D00003224 /* BullsEyeGame.swift */,
				CDCB57F71BED941D00003224 /* RGB.swift */,
				CDCB57FA1BED986300003224 /* AboutViewController.swift */,
				CDCB57E81BED8F4800003224 /* Main.storyboard */,
				181A114E22AD925B003EA9CF /* LaunchScreen.storyboard */,
				CDCB57EB1BED8F4800003224 /* Assets.xcassets */,
				CDCB57F01BED8F4800003224 /* Info.plist */,
			);
			path = RGBullsEye;
			sourceTree = "<group>";
		};
/* End PBXGroup section */

/* Begin PBXNativeTarget section */
		CDCB57E01BED8F4800003224 /* RGBullsEye */ = {
			isa = PBXNativeTarget;
			buildConfigurationList = CDCB57F31BED8F4800003224 /* Build configuration list for PBXNativeTarget "RGBullsEye" */;
			buildPhases = (
				CDCB57DD1BED8F4800003224 /* Sources */,
				CDCB57DE1BED8F4800003224 /* Frameworks */,
				CDCB57DF1BED8F4800003224 /* Resources */,
				CDCB58201BED9E4C00003224 /* Embed Watch Content */,
				CDF08BDF253FCCEA0061DB4A /* SwiftLint */,
			);
			buildRules = (
			);
			dependencies = (
			);
			name = RGBullsEye;
			productName = RGBullsEye;
			productReference = CDCB57E11BED8F4800003224 /* RGBullsEye.app */;
			productType = "com.apple.product-type.application";
		};
/* End PBXNativeTarget section */

/* Begin PBXProject section */
		CDCB57D91BED8F4800003224 /* Project object */ = {
			isa = PBXProject;
			attributes = {
				LastSwiftUpdateCheck = 0710;
				LastUpgradeCheck = 1220;
				ORGANIZATIONNAME = "Ray Wenderlich";
				TargetAttributes = {
					CDCB57E01BED8F4800003224 = {
						CreatedOnToolsVersion = 7.1;
						LastSwiftMigration = 1020;
					};
				};
			};
			buildConfigurationList = CDCB57DC1BED8F4800003224 /* Build configuration list for PBXProject "RGBullsEye" */;
			compatibilityVersion = "Xcode 3.2";
			developmentRegion = en;
			hasScannedForEncodings = 0;
			knownRegions = (
				en,
				Base,
			);
			mainGroup = CDCB57D81BED8F4800003224;
			productRefGroup = CDCB57E21BED8F4800003224 /* Products */;
			projectDirPath = "";
			projectRoot = "";
			targets = (
				CDCB57E01BED8F4800003224 /* RGBullsEye */,
			);
		};
/* End PBXProject section */

/* Begin PBXResourcesBuildPhase section */
		CDCB57DF1BED8F4800003224 /* Resources */ = {
			isa = PBXResourcesBuildPhase;
			buildActionMask = 2147483647;
			files = (
				181A114F22AD925B003EA9CF /* LaunchScreen.storyboard in Resources */,
				CDCB57EC1BED8F4800003224 /* Assets.xcassets in Resources */,
				CDCB57EA1BED8F4800003224 /* Main.storyboard in Resources */,
			);
			runOnlyForDeploymentPostprocessing = 0;
		};
/* End PBXResourcesBuildPhase section */

/* Begin PBXShellScriptBuildPhase section */
		CDF08BDF253FCCEA0061DB4A /* SwiftLint */ = {
			isa = PBXShellScriptBuildPhase;
			buildActionMask = 2147483647;
			files = (
			);
			inputFileListPaths = (
			);
			inputPaths = (
			);
			name = SwiftLint;
			outputFileListPaths = (
			);
			outputPaths = (
			);
			runOnlyForDeploymentPostprocessing = 0;
			shellPath = /bin/sh;
			shellScript = "if [ -f ~/com.raywenderlich.swiftlint.yml ]; then\n  if which swiftlint >/dev/null; then\n    swiftlint --config ~/com.raywenderlich.swiftlint.yml\n  fi\nfi\n";
		};
/* End PBXShellScriptBuildPhase section */

/* Begin PBXSourcesBuildPhase section */
		CDCB57DD1BED8F4800003224 /* Sources */ = {
			isa = PBXSourcesBuildPhase;
			buildActionMask = 2147483647;
			files = (
				CDCB57E71BED8F4800003224 /* ViewController.swift in Sources */,
				CDCB57E51BED8F4800003224 /* AppDelegate.swift in Sources */,
				CDCB57F81BED941D00003224 /* BullsEyeGame.swift in Sources */,
				CDCB57FB1BED986300003224 /* AboutViewController.swift in Sources */,
				CDCB57F91BED941D00003224 /* RGB.swift in Sources */,
			);
			runOnlyForDeploymentPostprocessing = 0;
		};
/* End PBXSourcesBuildPhase section */

/* Begin PBXVariantGroup section */
		CDCB57E81BED8F4800003224 /* Main.storyboard */ = {
			isa = PBXVariantGroup;
			children = (
				CDCB57E91BED8F4800003224 /* Base */,
			);
			name = Main.storyboard;
			sourceTree = "<group>";
		};
/* End PBXVariantGroup section */

/* Begin XCBuildConfiguration section */
		CDCB57F11BED8F4800003224 /* Debug */ = {
			isa = XCBuildConfiguration;
			buildSettings = {
				ALWAYS_SEARCH_USER_PATHS = NO;
				CLANG_ANALYZER_LOCALIZABILITY_NONLOCALIZED = YES;
				CLANG_CXX_LANGUAGE_STANDARD = "gnu++0x";
				CLANG_CXX_LIBRARY = "libc++";
				CLANG_ENABLE_MODULES = YES;
				CLANG_ENABLE_OBJC_ARC = YES;
				CLANG_WARN_BLOCK_CAPTURE_AUTORELEASING = YES;
				CLANG_WARN_BOOL_CONVERSION = YES;
				CLANG_WARN_COMMA = YES;
				CLANG_WARN_CONSTANT_CONVERSION = YES;
				CLANG_WARN_DEPRECATED_OBJC_IMPLEMENTATIONS = YES;
				CLANG_WARN_DIRECT_OBJC_ISA_USAGE = YES_ERROR;
				CLANG_WARN_EMPTY_BODY = YES;
				CLANG_WARN_ENUM_CONVERSION = YES;
				CLANG_WARN_INFINITE_RECURSION = YES;
				CLANG_WARN_INT_CONVERSION = YES;
				CLANG_WARN_NON_LITERAL_NULL_CONVERSION = YES;
				CLANG_WARN_OBJC_IMPLICIT_RETAIN_SELF = YES;
				CLANG_WARN_OBJC_LITERAL_CONVERSION = YES;
				CLANG_WARN_OBJC_ROOT_CLASS = YES_ERROR;
				CLANG_WARN_QUOTED_INCLUDE_IN_FRAMEWORK_HEADER = YES;
				CLANG_WARN_RANGE_LOOP_ANALYSIS = YES;
				CLANG_WARN_STRICT_PROTOTYPES = YES;
				CLANG_WARN_SUSPICIOUS_MOVE = YES;
				CLANG_WARN_UNREACHABLE_CODE = YES;
				CLANG_WARN__DUPLICATE_METHOD_MATCH = YES;
				"CODE_SIGN_IDENTITY[sdk=iphoneos*]" = "iPhone Developer";
				COPY_PHASE_STRIP = NO;
				DEBUG_INFORMATION_FORMAT = dwarf;
				ENABLE_STRICT_OBJC_MSGSEND = YES;
				ENABLE_TESTABILITY = YES;
				GCC_C_LANGUAGE_STANDARD = gnu99;
				GCC_DYNAMIC_NO_PIC = NO;
				GCC_NO_COMMON_BLOCKS = YES;
				GCC_OPTIMIZATION_LEVEL = 0;
				GCC_PREPROCESSOR_DEFINITIONS = (
					"DEBUG=1",
					"$(inherited)",
				);
				GCC_WARN_64_TO_32_BIT_CONVERSION = YES;
				GCC_WARN_ABOUT_RETURN_TYPE = YES_ERROR;
				GCC_WARN_UNDECLARED_SELECTOR = YES;
				GCC_WARN_UNINITIALIZED_AUTOS = YES_AGGRESSIVE;
				GCC_WARN_UNUSED_FUNCTION = YES;
				GCC_WARN_UNUSED_VARIABLE = YES;
				IPHONEOS_DEPLOYMENT_TARGET = 15.0;
				MTL_ENABLE_DEBUG_INFO = YES;
				ONLY_ACTIVE_ARCH = YES;
				SDKROOT = iphoneos;
				SWIFT_OPTIMIZATION_LEVEL = "-Onone";
				SWIFT_VERSION = 5.0;
			};
			name = Debug;
		};
		CDCB57F21BED8F4800003224 /* Release */ = {
			isa = XCBuildConfiguration;
			buildSettings = {
				ALWAYS_SEARCH_USER_PATHS = NO;
				CLANG_ANALYZER_LOCALIZABILITY_NONLOCALIZED = YES;
				CLANG_CXX_LANGUAGE_STANDARD = "gnu++0x";
				CLANG_CXX_LIBRARY = "libc++";
				CLANG_ENABLE_MODULES = YES;
				CLANG_ENABLE_OBJC_ARC = YES;
				CLANG_WARN_BLOCK_CAPTURE_AUTORELEASING = YES;
				CLANG_WARN_BOOL_CONVERSION = YES;
				CLANG_WARN_COMMA = YES;
				CLANG_WARN_CONSTANT_CONVERSION = YES;
				CLANG_WARN_DEPRECATED_OBJC_IMPLEMENTATIONS = YES;
				CLANG_WARN_DIRECT_OBJC_ISA_USAGE = YES_ERROR;
				CLANG_WARN_EMPTY_BODY = YES;
				CLANG_WARN_ENUM_CONVERSION = YES;
				CLANG_WARN_INFINITE_RECURSION = YES;
				CLANG_WARN_INT_CONVERSION = YES;
				CLANG_WARN_NON_LITERAL_NULL_CONVERSION = YES;
				CLANG_WARN_OBJC_IMPLICIT_RETAIN_SELF = YES;
				CLANG_WARN_OBJC_LITERAL_CONVERSION = YES;
				CLANG_WARN_OBJC_ROOT_CLASS = YES_ERROR;
				CLANG_WARN_QUOTED_INCLUDE_IN_FRAMEWORK_HEADER = YES;
				CLANG_WARN_RANGE_LOOP_ANALYSIS = YES;
				CLANG_WARN_STRICT_PROTOTYPES = YES;
				CLANG_WARN_SUSPICIOUS_MOVE = YES;
				CLANG_WARN_UNREACHABLE_CODE = YES;
				CLANG_WARN__DUPLICATE_METHOD_MATCH = YES;
				"CODE_SIGN_IDENTITY[sdk=iphoneos*]" = "iPhone Developer";
				COPY_PHASE_STRIP = NO;
				DEBUG_INFORMATION_FORMAT = "dwarf-with-dsym";
				ENABLE_NS_ASSERTIONS = NO;
				ENABLE_STRICT_OBJC_MSGSEND = YES;
				GCC_C_LANGUAGE_STANDARD = gnu99;
				GCC_NO_COMMON_BLOCKS = YES;
				GCC_WARN_64_TO_32_BIT_CONVERSION = YES;
				GCC_WARN_ABOUT_RETURN_TYPE = YES_ERROR;
				GCC_WARN_UNDECLARED_SELECTOR = YES;
				GCC_WARN_UNINITIALIZED_AUTOS = YES_AGGRESSIVE;
				GCC_WARN_UNUSED_FUNCTION = YES;
				GCC_WARN_UNUSED_VARIABLE = YES;
				IPHONEOS_DEPLOYMENT_TARGET = 15.0;
				MTL_ENABLE_DEBUG_INFO = NO;
				SDKROOT = iphoneos;
				SWIFT_COMPILATION_MODE = wholemodule;
				SWIFT_VERSION = 5.0;
				VALIDATE_PRODUCT = YES;
			};
			name = Release;
		};
		CDCB57F41BED8F4800003224 /* Debug */ = {
			isa = XCBuildConfiguration;
			buildSettings = {
				ASSETCATALOG_COMPILER_APPICON_NAME = AppIcon;
				INFOPLIST_FILE = RGBullsEye/Info.plist;
				LD_RUNPATH_SEARCH_PATHS = "$(inherited) @executable_path/Frameworks";
				PRODUCT_BUNDLE_IDENTIFIER = com.razeware.RGBullsEye;
				PRODUCT_NAME = "$(TARGET_NAME)";
				SWIFT_VERSION = 5.0;
			};
			name = Debug;
		};
		CDCB57F51BED8F4800003224 /* Release */ = {
			isa = XCBuildConfiguration;
			buildSettings = {
				ASSETCATALOG_COMPILER_APPICON_NAME = AppIcon;
				INFOPLIST_FILE = RGBullsEye/Info.plist;
				LD_RUNPATH_SEARCH_PATHS = "$(inherited) @executable_path/Frameworks";
				PRODUCT_BUNDLE_IDENTIFIER = com.razeware.RGBullsEye;
				PRODUCT_NAME = "$(TARGET_NAME)";
				SWIFT_VERSION = 5.0;
			};
			name = Release;
		};
/* End XCBuildConfiguration section */

/* Begin XCConfigurationList section */
		CDCB57DC1BED8F4800003224 /* Build configuration list for PBXProject "RGBullsEye" */ = {
			isa = XCConfigurationList;
			buildConfigurations = (
				CDCB57F11BED8F4800003224 /* Debug */,
				CDCB57F21BED8F4800003224 /* Release */,
			);
			defaultConfigurationIsVisible = 0;
			defaultConfigurationName = Release;
		};
		CDCB57F31BED8F4800003224 /* Build configuration list for PBXNativeTarget "RGBullsEye" */ = {
			isa = XCConfigurationList;
			buildConfigurations = (
				CDCB57F41BED8F4800003224 /* Debug */,
				CDCB57F51BED8F4800003224 /* Release */,
			);
			defaultConfigurationIsVisible = 0;
			defaultConfigurationName = Release;
		};
/* End XCConfigurationList section */
	};
	rootObject = CDCB57D91BED8F4800003224 /* Project object */;
}
