// !$*UTF8*$!
{
	archiveVersion = 1;
	classes = {
	};
	objectVersion = 56;
	objects = {

/* Begin PBXBuildFile section */
		2618873B295EAD02003DBDB7 /* MacMarkDownApp.swift in Sources */ = {isa = PBXBuildFile; fileRef = 2618873A295EAD02003DBDB7 /* MacMarkDownApp.swift */; };
		2618873D295EAD02003DBDB7 /* MacMarkDownDocument.swift in Sources */ = {isa = PBXBuildFile; fileRef = 2618873C295EAD02003DBDB7 /* MacMarkDownDocument.swift */; };
		2618873F295EAD02003DBDB7 /* ContentView.swift in Sources */ = {isa = PBXBuildFile; fileRef = 2618873E295EAD02003DBDB7 /* ContentView.swift */; };
		26188741295EAD03003DBDB7 /* Assets.xcassets in Resources */ = {isa = PBXBuildFile; fileRef = 26188740295EAD03003DBDB7 /* Assets.xcassets */; };
		26188744295EAD03003DBDB7 /* Preview Assets.xcassets in Resources */ = {isa = PBXBuildFile; fileRef = 26188743295EAD03003DBDB7 /* Preview Assets.xcassets */; };
		26AA4931295EB2B900B80EFE /* MarkdownKit in Frameworks */ = {isa = PBXBuildFile; productRef = 26AA4930295EB2B900B80EFE /* MarkdownKit */; };
		26AA4933295EB38700B80EFE /* WebView.swift in Sources */ = {isa = PBXBuildFile; fileRef = 26AA4932295EB38700B80EFE /* WebView.swift */; };
		26D974D9295EB75900F8EE35 /* SettingsView.swift in Sources */ = {isa = PBXBuildFile; fileRef = 26D974D8295EB75900F8EE35 /* SettingsView.swift */; };
		26D974DB295EBC5E00F8EE35 /* MenuCommands.swift in Sources */ = {isa = PBXBuildFile; fileRef = 26D974DA295EBC5E00F8EE35 /* MenuCommands.swift */; };
		26D974E2295EBDF300F8EE35 /* StyleSheet.swift in Sources */ = {isa = PBXBuildFile; fileRef = 26D974DD295EBDF300F8EE35 /* StyleSheet.swift */; };
		26D974E3295EBDF300F8EE35 /* ulysses.css in Resources */ = {isa = PBXBuildFile; fileRef = 26D974DE295EBDF300F8EE35 /* ulysses.css */; };
		26D974E4295EBDF300F8EE35 /* github.css in Resources */ = {isa = PBXBuildFile; fileRef = 26D974DF295EBDF300F8EE35 /* github.css */; };
		26D974E5295EBDF300F8EE35 /* solarizeddark.css in Resources */ = {isa = PBXBuildFile; fileRef = 26D974E0295EBDF300F8EE35 /* solarizeddark.css */; };
		26D974E6295EBDF300F8EE35 /* lopash.css in Resources */ = {isa = PBXBuildFile; fileRef = 26D974E1295EBDF300F8EE35 /* lopash.css */; };
		26D974E8295EC20A00F8EE35 /* ToolbarCommands.swift in Sources */ = {isa = PBXBuildFile; fileRef = 26D974E7295EC20A00F8EE35 /* ToolbarCommands.swift */; };
/* End PBXBuildFile section */

/* Begin PBXFileReference section */
		26188737295EAD02003DBDB7 /* MacMarkDown.app */ = {isa = PBXFileReference; explicitFileType = wrapper.application; includeInIndex = 0; path = MacMarkDown.app; sourceTree = BUILT_PRODUCTS_DIR; };
		2618873A295EAD02003DBDB7 /* MacMarkDownApp.swift */ = {isa = PBXFileReference; lastKnownFileType = sourcecode.swift; path = MacMarkDownApp.swift; sourceTree = "<group>"; };
		2618873C295EAD02003DBDB7 /* MacMarkDownDocument.swift */ = {isa = PBXFileReference; lastKnownFileType = sourcecode.swift; path = MacMarkDownDocument.swift; sourceTree = "<group>"; };
		2618873E295EAD02003DBDB7 /* ContentView.swift */ = {isa = PBXFileReference; lastKnownFileType = sourcecode.swift; path = ContentView.swift; sourceTree = "<group>"; };
		26188740295EAD03003DBDB7 /* Assets.xcassets */ = {isa = PBXFileReference; lastKnownFileType = folder.assetcatalog; path = Assets.xcassets; sourceTree = "<group>"; };
		26188743295EAD03003DBDB7 /* Preview Assets.xcassets */ = {isa = PBXFileReference; lastKnownFileType = folder.assetcatalog; path = "Preview Assets.xcassets"; sourceTree = "<group>"; };
		26188745295EAD03003DBDB7 /* Info.plist */ = {isa = PBXFileReference; lastKnownFileType = text.plist.xml; path = Info.plist; sourceTree = "<group>"; };
		26188746295EAD03003DBDB7 /* MacMarkDown.entitlements */ = {isa = PBXFileReference; lastKnownFileType = text.plist.entitlements; path = MacMarkDown.entitlements; sourceTree = "<group>"; };
		26AA4932295EB38700B80EFE /* WebView.swift */ = {isa = PBXFileReference; lastKnownFileType = sourcecode.swift; path = WebView.swift; sourceTree = "<group>"; };
		26D974D8295EB75900F8EE35 /* SettingsView.swift */ = {isa = PBXFileReference; lastKnownFileType = sourcecode.swift; path = SettingsView.swift; sourceTree = "<group>"; };
		26D974DA295EBC5E00F8EE35 /* MenuCommands.swift */ = {isa = PBXFileReference; lastKnownFileType = sourcecode.swift; path = MenuCommands.swift; sourceTree = "<group>"; };
		26D974DD295EBDF300F8EE35 /* StyleSheet.swift */ = {isa = PBXFileReference; fileEncoding = 4; lastKnownFileType = sourcecode.swift; path = StyleSheet.swift; sourceTree = "<group>"; };
		26D974DE295EBDF300F8EE35 /* ulysses.css */ = {isa = PBXFileReference; fileEncoding = 4; lastKnownFileType = text.css; path = ulysses.css; sourceTree = "<group>"; };
		26D974DF295EBDF300F8EE35 /* github.css */ = {isa = PBXFileReference; fileEncoding = 4; lastKnownFileType = text.css; path = github.css; sourceTree = "<group>"; };
		26D974E0295EBDF300F8EE35 /* solarizeddark.css */ = {isa = PBXFileReference; fileEncoding = 4; lastKnownFileType = text.css; path = solarizeddark.css; sourceTree = "<group>"; };
		26D974E1295EBDF300F8EE35 /* lopash.css */ = {isa = PBXFileReference; fileEncoding = 4; lastKnownFileType = text.css; path = lopash.css; sourceTree = "<group>"; };
		26D974E7295EC20A00F8EE35 /* ToolbarCommands.swift */ = {isa = PBXFileReference; lastKnownFileType = sourcecode.swift; path = ToolbarCommands.swift; sourceTree = "<group>"; };
/* End PBXFileReference section */

/* Begin PBXFrameworksBuildPhase section */
		26188734295EAD02003DBDB7 /* Frameworks */ = {
			isa = PBXFrameworksBuildPhase;
			buildActionMask = 2147483647;
			files = (
				26AA4931295EB2B900B80EFE /* MarkdownKit in Frameworks */,
			);
			runOnlyForDeploymentPostprocessing = 0;
		};
/* End PBXFrameworksBuildPhase section */

/* Begin PBXGroup section */
		2618872E295EAD02003DBDB7 = {
			isa = PBXGroup;
			children = (
				26188739295EAD02003DBDB7 /* MacMarkDown */,
				26188738295EAD02003DBDB7 /* Products */,
			);
			sourceTree = "<group>";
		};
		26188738295EAD02003DBDB7 /* Products */ = {
			isa = PBXGroup;
			children = (
				26188737295EAD02003DBDB7 /* MacMarkDown.app */,
			);
			name = Products;
			sourceTree = "<group>";
		};
		26188739295EAD02003DBDB7 /* MacMarkDown */ = {
			isa = PBXGroup;
			children = (
				2618873A295EAD02003DBDB7 /* MacMarkDownApp.swift */,
				2618873C295EAD02003DBDB7 /* MacMarkDownDocument.swift */,
				2618873E295EAD02003DBDB7 /* ContentView.swift */,
				26AA4932295EB38700B80EFE /* WebView.swift */,
				26D974D8295EB75900F8EE35 /* SettingsView.swift */,
				26D974DA295EBC5E00F8EE35 /* MenuCommands.swift */,
				26D974E7295EC20A00F8EE35 /* ToolbarCommands.swift */,
				26D974DC295EBDF300F8EE35 /* StyleSheets */,
				26188740295EAD03003DBDB7 /* Assets.xcassets */,
				26188745295EAD03003DBDB7 /* Info.plist */,
				26188746295EAD03003DBDB7 /* MacMarkDown.entitlements */,
				26188742295EAD03003DBDB7 /* Preview Content */,
			);
			path = MacMarkDown;
			sourceTree = "<group>";
		};
		26188742295EAD03003DBDB7 /* Preview Content */ = {
			isa = PBXGroup;
			children = (
				26188743295EAD03003DBDB7 /* Preview Assets.xcassets */,
			);
			path = "Preview Content";
			sourceTree = "<group>";
		};
		26D974DC295EBDF300F8EE35 /* StyleSheets */ = {
			isa = PBXGroup;
			children = (
				26D974DD295EBDF300F8EE35 /* StyleSheet.swift */,
				26D974DE295EBDF300F8EE35 /* ulysses.css */,
				26D974DF295EBDF300F8EE35 /* github.css */,
				26D974E0295EBDF300F8EE35 /* solarizeddark.css */,
				26D974E1295EBDF300F8EE35 /* lopash.css */,
			);
			path = StyleSheets;
			sourceTree = "<group>";
		};
/* End PBXGroup section */

/* Begin PBXNativeTarget section */
		26188736295EAD02003DBDB7 /* MacMarkDown */ = {
			isa = PBXNativeTarget;
			buildConfigurationList = 26188749295EAD03003DBDB7 /* Build configuration list for PBXNativeTarget "MacMarkDown" */;
			buildPhases = (
				26D974E9295EC55100F8EE35 /* ShellScript */,
				26188733295EAD02003DBDB7 /* Sources */,
				26188734295EAD02003DBDB7 /* Frameworks */,
				26188735295EAD02003DBDB7 /* Resources */,
			);
			buildRules = (
			);
			dependencies = (
			);
			name = MacMarkDown;
			packageProductDependencies = (
				26AA4930295EB2B900B80EFE /* MarkdownKit */,
			);
			productName = MacMarkDown;
			productReference = 26188737295EAD02003DBDB7 /* MacMarkDown.app */;
			productType = "com.apple.product-type.application";
		};
/* End PBXNativeTarget section */

/* Begin PBXProject section */
		2618872F295EAD02003DBDB7 /* Project object */ = {
			isa = PBXProject;
			attributes = {
				BuildIndependentTargetsInParallel = 1;
				LastSwiftUpdateCheck = 1420;
				LastUpgradeCheck = 1420;
				ORGANIZATIONNAME = Kodeco;
				TargetAttributes = {
					26188736295EAD02003DBDB7 = {
						CreatedOnToolsVersion = 14.2;
					};
				};
			};
			buildConfigurationList = 26188732295EAD02003DBDB7 /* Build configuration list for PBXProject "MacMarkDown" */;
			compatibilityVersion = "Xcode 14.0";
			developmentRegion = en;
			hasScannedForEncodings = 0;
			knownRegions = (
				en,
				Base,
			);
			mainGroup = 2618872E295EAD02003DBDB7;
			packageReferences = (
				26AA492F295EB2B900B80EFE /* XCRemoteSwiftPackageReference "swift-markdownkit" */,
			);
			productRefGroup = 26188738295EAD02003DBDB7 /* Products */;
			projectDirPath = "";
			projectRoot = "";
			targets = (
				26188736295EAD02003DBDB7 /* MacMarkDown */,
			);
		};
/* End PBXProject section */

/* Begin PBXResourcesBuildPhase section */
		26188735295EAD02003DBDB7 /* Resources */ = {
			isa = PBXResourcesBuildPhase;
			buildActionMask = 2147483647;
			files = (
				26D974E6295EBDF300F8EE35 /* lopash.css in Resources */,
				26D974E4295EBDF300F8EE35 /* github.css in Resources */,
				26D974E5295EBDF300F8EE35 /* solarizeddark.css in Resources */,
				26188744295EAD03003DBDB7 /* Preview Assets.xcassets in Resources */,
				26D974E3295EBDF300F8EE35 /* ulysses.css in Resources */,
				26188741295EAD03003DBDB7 /* Assets.xcassets in Resources */,
			);
			runOnlyForDeploymentPostprocessing = 0;
		};
/* End PBXResourcesBuildPhase section */

/* Begin PBXShellScriptBuildPhase section */
		26D974E9295EC55100F8EE35 /* ShellScript */ = {
			isa = PBXShellScriptBuildPhase;
			alwaysOutOfDate = 1;
			buildActionMask = 2147483647;
			files = (
			);
			inputFileListPaths = (
			);
			inputPaths = (
			);
			outputFileListPaths = (
			);
			outputPaths = (
			);
			runOnlyForDeploymentPostprocessing = 0;
			shellPath = /bin/sh;
			shellScript = "PATH=/opt/homebrew/bin:$PATH\nif [ -f ~/com.raywenderlich.swiftlint.yml ]; then\n  if which swiftlint >/dev/null; then\n    swiftlint --no-cache --config ~/com.raywenderlich.swiftlint.yml\n  fi\nfi\n";
		};
/* End PBXShellScriptBuildPhase section */

/* Begin PBXSourcesBuildPhase section */
		26188733295EAD02003DBDB7 /* Sources */ = {
			isa = PBXSourcesBuildPhase;
			buildActionMask = 2147483647;
			files = (
				26D974D9295EB75900F8EE35 /* SettingsView.swift in Sources */,
				2618873B295EAD02003DBDB7 /* MacMarkDownApp.swift in Sources */,
				26D974DB295EBC5E00F8EE35 /* MenuCommands.swift in Sources */,
				26AA4933295EB38700B80EFE /* WebView.swift in Sources */,
				2618873D295EAD02003DBDB7 /* MacMarkDownDocument.swift in Sources */,
				26D974E8295EC20A00F8EE35 /* ToolbarCommands.swift in Sources */,
				2618873F295EAD02003DBDB7 /* ContentView.swift in Sources */,
				26D974E2295EBDF300F8EE35 /* StyleSheet.swift in Sources */,
			);
			runOnlyForDeploymentPostprocessing = 0;
		};
/* End PBXSourcesBuildPhase section */

/* Begin XCBuildConfiguration section */
		26188747295EAD03003DBDB7 /* Debug */ = {
			isa = XCBuildConfiguration;
			buildSettings = {
				ALWAYS_SEARCH_USER_PATHS = NO;
				CLANG_ANALYZER_NONNULL = YES;
				CLANG_ANALYZER_NUMBER_OBJECT_CONVERSION = YES_AGGRESSIVE;
				CLANG_CXX_LANGUAGE_STANDARD = "gnu++20";
				CLANG_ENABLE_MODULES = YES;
				CLANG_ENABLE_OBJC_ARC = YES;
				CLANG_ENABLE_OBJC_WEAK = YES;
				CLANG_WARN_BLOCK_CAPTURE_AUTORELEASING = YES;
				CLANG_WARN_BOOL_CONVERSION = YES;
				CLANG_WARN_COMMA = YES;
				CLANG_WARN_CONSTANT_CONVERSION = YES;
				CLANG_WARN_DEPRECATED_OBJC_IMPLEMENTATIONS = YES;
				CLANG_WARN_DIRECT_OBJC_ISA_USAGE = YES_ERROR;
				CLANG_WARN_DOCUMENTATION_COMMENTS = YES;
				CLANG_WARN_EMPTY_BODY = YES;
				CLANG_WARN_ENUM_CONVERSION = YES;
				CLANG_WARN_INFINITE_RECURSION = YES;
				CLANG_WARN_INT_CONVERSION = YES;
				CLANG_WARN_NON_LITERAL_NULL_CONVERSION = YES;
				CLANG_WARN_OBJC_IMPLICIT_RETAIN_SELF = YES;
				CLANG_WARN_OBJC_LITERAL_CONVERSION = YES;
				CLANG_WARN_OBJC_ROOT_CLASS = YES_ERROR;
				CLANG_WARN_QUOTED_INCLUDE_IN_FRAMEWORK_HEADER = YES;
				CLANG_WARN_RANGE_LOOP_ANALYSIS = YES;
				CLANG_WARN_STRICT_PROTOTYPES = YES;
				CLANG_WARN_SUSPICIOUS_MOVE = YES;
				CLANG_WARN_UNGUARDED_AVAILABILITY = YES_AGGRESSIVE;
				CLANG_WARN_UNREACHABLE_CODE = YES;
				CLANG_WARN__DUPLICATE_METHOD_MATCH = YES;
				COPY_PHASE_STRIP = NO;
				DEBUG_INFORMATION_FORMAT = dwarf;
				ENABLE_STRICT_OBJC_MSGSEND = YES;
				ENABLE_TESTABILITY = YES;
				GCC_C_LANGUAGE_STANDARD = gnu11;
				GCC_DYNAMIC_NO_PIC = NO;
				GCC_NO_COMMON_BLOCKS = YES;
				GCC_OPTIMIZATION_LEVEL = 0;
				GCC_PREPROCESSOR_DEFINITIONS = (
					"DEBUG=1",
					"$(inherited)",
				);
				GCC_WARN_64_TO_32_BIT_CONVERSION = YES;
				GCC_WARN_ABOUT_RETURN_TYPE = YES_ERROR;
				GCC_WARN_UNDECLARED_SELECTOR = YES;
				GCC_WARN_UNINITIALIZED_AUTOS = YES_AGGRESSIVE;
				GCC_WARN_UNUSED_FUNCTION = YES;
				GCC_WARN_UNUSED_VARIABLE = YES;
				MACOSX_DEPLOYMENT_TARGET = 13.1;
				MTL_ENABLE_DEBUG_INFO = INCLUDE_SOURCE;
				MTL_FAST_MATH = YES;
				ONLY_ACTIVE_ARCH = YES;
				SDKROOT = macosx;
				SWIFT_ACTIVE_COMPILATION_CONDITIONS = DEBUG;
				SWIFT_OPTIMIZATION_LEVEL = "-Onone";
			};
			name = Debug;
		};
		26188748295EAD03003DBDB7 /* Release */ = {
			isa = XCBuildConfiguration;
			buildSettings = {
				ALWAYS_SEARCH_USER_PATHS = NO;
				CLANG_ANALYZER_NONNULL = YES;
				CLANG_ANALYZER_NUMBER_OBJECT_CONVERSION = YES_AGGRESSIVE;
				CLANG_CXX_LANGUAGE_STANDARD = "gnu++20";
				CLANG_ENABLE_MODULES = YES;
				CLANG_ENABLE_OBJC_ARC = YES;
				CLANG_ENABLE_OBJC_WEAK = YES;
				CLANG_WARN_BLOCK_CAPTURE_AUTORELEASING = YES;
				CLANG_WARN_BOOL_CONVERSION = YES;
				CLANG_WARN_COMMA = YES;
				CLANG_WARN_CONSTANT_CONVERSION = YES;
				CLANG_WARN_DEPRECATED_OBJC_IMPLEMENTATIONS = YES;
				CLANG_WARN_DIRECT_OBJC_ISA_USAGE = YES_ERROR;
				CLANG_WARN_DOCUMENTATION_COMMENTS = YES;
				CLANG_WARN_EMPTY_BODY = YES;
				CLANG_WARN_ENUM_CONVERSION = YES;
				CLANG_WARN_INFINITE_RECURSION = YES;
				CLANG_WARN_INT_CONVERSION = YES;
				CLANG_WARN_NON_LITERAL_NULL_CONVERSION = YES;
				CLANG_WARN_OBJC_IMPLICIT_RETAIN_SELF = YES;
				CLANG_WARN_OBJC_LITERAL_CONVERSION = YES;
				CLANG_WARN_OBJC_ROOT_CLASS = YES_ERROR;
				CLANG_WARN_QUOTED_INCLUDE_IN_FRAMEWORK_HEADER = YES;
				CLANG_WARN_RANGE_LOOP_ANALYSIS = YES;
				CLANG_WARN_STRICT_PROTOTYPES = YES;
				CLANG_WARN_SUSPICIOUS_MOVE = YES;
				CLANG_WARN_UNGUARDED_AVAILABILITY = YES_AGGRESSIVE;
				CLANG_WARN_UNREACHABLE_CODE = YES;
				CLANG_WARN__DUPLICATE_METHOD_MATCH = YES;
				COPY_PHASE_STRIP = NO;
				DEBUG_INFORMATION_FORMAT = "dwarf-with-dsym";
				ENABLE_NS_ASSERTIONS = NO;
				ENABLE_STRICT_OBJC_MSGSEND = YES;
				GCC_C_LANGUAGE_STANDARD = gnu11;
				GCC_NO_COMMON_BLOCKS = YES;
				GCC_WARN_64_TO_32_BIT_CONVERSION = YES;
				GCC_WARN_ABOUT_RETURN_TYPE = YES_ERROR;
				GCC_WARN_UNDECLARED_SELECTOR = YES;
				GCC_WARN_UNINITIALIZED_AUTOS = YES_AGGRESSIVE;
				GCC_WARN_UNUSED_FUNCTION = YES;
				GCC_WARN_UNUSED_VARIABLE = YES;
				MACOSX_DEPLOYMENT_TARGET = 13.1;
				MTL_ENABLE_DEBUG_INFO = NO;
				MTL_FAST_MATH = YES;
				SDKROOT = macosx;
				SWIFT_COMPILATION_MODE = wholemodule;
				SWIFT_OPTIMIZATION_LEVEL = "-O";
			};
			name = Release;
		};
		2618874A295EAD03003DBDB7 /* Debug */ = {
			isa = XCBuildConfiguration;
			buildSettings = {
				ASSETCATALOG_COMPILER_APPICON_NAME = AppIcon;
				ASSETCATALOG_COMPILER_GLOBAL_ACCENT_COLOR_NAME = AccentColor;
				CODE_SIGN_ENTITLEMENTS = MacMarkDown/MacMarkDown.entitlements;
				CODE_SIGN_STYLE = Automatic;
				COMBINE_HIDPI_IMAGES = YES;
				CURRENT_PROJECT_VERSION = 1;
				DEVELOPMENT_ASSET_PATHS = "\"MacMarkDown/Preview Content\"";
				ENABLE_PREVIEWS = YES;
				GENERATE_INFOPLIST_FILE = YES;
				INFOPLIST_FILE = MacMarkDown/Info.plist;
				INFOPLIST_KEY_NSHumanReadableCopyright = "";
				LD_RUNPATH_SEARCH_PATHS = (
					"$(inherited)",
					"@executable_path/../Frameworks",
				);
				MARKETING_VERSION = 1.0;
				PRODUCT_BUNDLE_IDENTIFIER = com.yourcompany.MacMarkDown;
				PRODUCT_NAME = "$(TARGET_NAME)";
				SWIFT_EMIT_LOC_STRINGS = YES;
				SWIFT_VERSION = 5.0;
			};
			name = Debug;
		};
		2618874B295EAD03003DBDB7 /* Release */ = {
			isa = XCBuildConfiguration;
			buildSettings = {
				ASSETCATALOG_COMPILER_APPICON_NAME = AppIcon;
				ASSETCATALOG_COMPILER_GLOBAL_ACCENT_COLOR_NAME = AccentColor;
				CODE_SIGN_ENTITLEMENTS = MacMarkDown/MacMarkDown.entitlements;
				CODE_SIGN_STYLE = Automatic;
				COMBINE_HIDPI_IMAGES = YES;
				CURRENT_PROJECT_VERSION = 1;
				DEVELOPMENT_ASSET_PATHS = "\"MacMarkDown/Preview Content\"";
				ENABLE_PREVIEWS = YES;
				GENERATE_INFOPLIST_FILE = YES;
				INFOPLIST_FILE = MacMarkDown/Info.plist;
				INFOPLIST_KEY_NSHumanReadableCopyright = "";
				LD_RUNPATH_SEARCH_PATHS = (
					"$(inherited)",
					"@executable_path/../Frameworks",
				);
				MARKETING_VERSION = 1.0;
				PRODUCT_BUNDLE_IDENTIFIER = com.yourcompany.MacMarkDown;
				PRODUCT_NAME = "$(TARGET_NAME)";
				SWIFT_EMIT_LOC_STRINGS = YES;
				SWIFT_VERSION = 5.0;
			};
			name = Release;
		};
/* End XCBuildConfiguration section */

/* Begin XCConfigurationList section */
		26188732295EAD02003DBDB7 /* Build configuration list for PBXProject "MacMarkDown" */ = {
			isa = XCConfigurationList;
			buildConfigurations = (
				26188747295EAD03003DBDB7 /* Debug */,
				26188748295EAD03003DBDB7 /* Release */,
			);
			defaultConfigurationIsVisible = 0;
			defaultConfigurationName = Release;
		};
		26188749295EAD03003DBDB7 /* Build configuration list for PBXNativeTarget "MacMarkDown" */ = {
			isa = XCConfigurationList;
			buildConfigurations = (
				2618874A295EAD03003DBDB7 /* Debug */,
				2618874B295EAD03003DBDB7 /* Release */,
			);
			defaultConfigurationIsVisible = 0;
			defaultConfigurationName = Release;
		};
/* End XCConfigurationList section */

/* Begin XCRemoteSwiftPackageReference section */
		26AA492F295EB2B900B80EFE /* XCRemoteSwiftPackageReference "swift-markdownkit" */ = {
			isa = XCRemoteSwiftPackageReference;
			repositoryURL = "https://github.com/objecthub/swift-markdownkit";
			requirement = {
				branch = master;
				kind = branch;
			};
		};
/* End XCRemoteSwiftPackageReference section */

/* Begin XCSwiftPackageProductDependency section */
		26AA4930295EB2B900B80EFE /* MarkdownKit */ = {
			isa = XCSwiftPackageProductDependency;
			package = 26AA492F295EB2B900B80EFE /* XCRemoteSwiftPackageReference "swift-markdownkit" */;
			productName = MarkdownKit;
		};
/* End XCSwiftPackageProductDependency section */
	};
	rootObject = 2618872F295EAD02003DBDB7 /* Project object */;
}
