// !$*UTF8*$!
{
	archiveVersion = 1;
	classes = {
	};
	objectVersion = 55;
	objects = {

/* Begin PBXBuildFile section */
		269EAEC226C893BA00F5E597 /* MacMarkDownApp.swift in Sources */ = {isa = PBXBuildFile; fileRef = 269EAEC126C893BA00F5E597 /* MacMarkDownApp.swift */; };
		269EAEC426C893BA00F5E597 /* MacMarkDownDocument.swift in Sources */ = {isa = PBXBuildFile; fileRef = 269EAEC326C893BA00F5E597 /* MacMarkDownDocument.swift */; };
		269EAEC626C893BA00F5E597 /* ContentView.swift in Sources */ = {isa = PBXBuildFile; fileRef = 269EAEC526C893BA00F5E597 /* ContentView.swift */; };
		269EAEC826C893BB00F5E597 /* Assets.xcassets in Resources */ = {isa = PBXBuildFile; fileRef = 269EAEC726C893BB00F5E597 /* Assets.xcassets */; };
		269EAECB26C893BB00F5E597 /* Preview Assets.xcassets in Resources */ = {isa = PBXBuildFile; fileRef = 269EAECA26C893BB00F5E597 /* Preview Assets.xcassets */; };
		269EAED426C89D2000F5E597 /* MarkdownKit in Frameworks */ = {isa = PBXBuildFile; productRef = 269EAED326C89D2000F5E597 /* MarkdownKit */; };
		269EAED626C89E8F00F5E597 /* WebView.swift in Sources */ = {isa = PBXBuildFile; fileRef = 269EAED526C89E8F00F5E597 /* WebView.swift */; };
		269EAEDA26C8A11200F5E597 /* SettingsView.swift in Sources */ = {isa = PBXBuildFile; fileRef = 269EAED926C8A11200F5E597 /* SettingsView.swift */; };
		269EAEDC26C8A31800F5E597 /* MenuCommands.swift in Sources */ = {isa = PBXBuildFile; fileRef = 269EAEDB26C8A31800F5E597 /* MenuCommands.swift */; };
		269EAEE426C8A47300F5E597 /* StyleSheet.swift in Sources */ = {isa = PBXBuildFile; fileRef = 269EAEDE26C8A47300F5E597 /* StyleSheet.swift */; };
		269EAEE526C8A47300F5E597 /* ulysses.css in Resources */ = {isa = PBXBuildFile; fileRef = 269EAEDF26C8A47300F5E597 /* ulysses.css */; };
		269EAEE626C8A47300F5E597 /* github.css in Resources */ = {isa = PBXBuildFile; fileRef = 269EAEE026C8A47300F5E597 /* github.css */; };
		269EAEE726C8A47300F5E597 /* solarizeddark.css in Resources */ = {isa = PBXBuildFile; fileRef = 269EAEE126C8A47300F5E597 /* solarizeddark.css */; };
		269EAEE826C8A47300F5E597 /* lopash.css in Resources */ = {isa = PBXBuildFile; fileRef = 269EAEE226C8A47300F5E597 /* lopash.css */; };
		269EAEE926C8A47300F5E597 /* raywenderlich.css in Resources */ = {isa = PBXBuildFile; fileRef = 269EAEE326C8A47300F5E597 /* raywenderlich.css */; };
		269EAEEB26C8A7B500F5E597 /* ToolbarCommands.swift in Sources */ = {isa = PBXBuildFile; fileRef = 269EAEEA26C8A7B500F5E597 /* ToolbarCommands.swift */; };
/* End PBXBuildFile section */

/* Begin PBXFileReference section */
		269EAEBE26C893BA00F5E597 /* MacMarkDown.app */ = {isa = PBXFileReference; explicitFileType = wrapper.application; includeInIndex = 0; path = MacMarkDown.app; sourceTree = BUILT_PRODUCTS_DIR; };
		269EAEC126C893BA00F5E597 /* MacMarkDownApp.swift */ = {isa = PBXFileReference; lastKnownFileType = sourcecode.swift; path = MacMarkDownApp.swift; sourceTree = "<group>"; };
		269EAEC326C893BA00F5E597 /* MacMarkDownDocument.swift */ = {isa = PBXFileReference; lastKnownFileType = sourcecode.swift; path = MacMarkDownDocument.swift; sourceTree = "<group>"; };
		269EAEC526C893BA00F5E597 /* ContentView.swift */ = {isa = PBXFileReference; lastKnownFileType = sourcecode.swift; path = ContentView.swift; sourceTree = "<group>"; };
		269EAEC726C893BB00F5E597 /* Assets.xcassets */ = {isa = PBXFileReference; lastKnownFileType = folder.assetcatalog; path = Assets.xcassets; sourceTree = "<group>"; };
		269EAECA26C893BB00F5E597 /* Preview Assets.xcassets */ = {isa = PBXFileReference; lastKnownFileType = folder.assetcatalog; path = "Preview Assets.xcassets"; sourceTree = "<group>"; };
		269EAECC26C893BB00F5E597 /* Info.plist */ = {isa = PBXFileReference; lastKnownFileType = text.plist.xml; path = Info.plist; sourceTree = "<group>"; };
		269EAED526C89E8F00F5E597 /* WebView.swift */ = {isa = PBXFileReference; lastKnownFileType = sourcecode.swift; path = WebView.swift; sourceTree = "<group>"; };
		269EAED926C8A11200F5E597 /* SettingsView.swift */ = {isa = PBXFileReference; lastKnownFileType = sourcecode.swift; path = SettingsView.swift; sourceTree = "<group>"; };
		269EAEDB26C8A31800F5E597 /* MenuCommands.swift */ = {isa = PBXFileReference; lastKnownFileType = sourcecode.swift; path = MenuCommands.swift; sourceTree = "<group>"; };
		269EAEDE26C8A47300F5E597 /* StyleSheet.swift */ = {isa = PBXFileReference; fileEncoding = 4; lastKnownFileType = sourcecode.swift; path = StyleSheet.swift; sourceTree = "<group>"; };
		269EAEDF26C8A47300F5E597 /* ulysses.css */ = {isa = PBXFileReference; fileEncoding = 4; lastKnownFileType = text.css; path = ulysses.css; sourceTree = "<group>"; };
		269EAEE026C8A47300F5E597 /* github.css */ = {isa = PBXFileReference; fileEncoding = 4; lastKnownFileType = text.css; path = github.css; sourceTree = "<group>"; };
		269EAEE126C8A47300F5E597 /* solarizeddark.css */ = {isa = PBXFileReference; fileEncoding = 4; lastKnownFileType = text.css; path = solarizeddark.css; sourceTree = "<group>"; };
		269EAEE226C8A47300F5E597 /* lopash.css */ = {isa = PBXFileReference; fileEncoding = 4; lastKnownFileType = text.css; path = lopash.css; sourceTree = "<group>"; };
		269EAEE326C8A47300F5E597 /* raywenderlich.css */ = {isa = PBXFileReference; fileEncoding = 4; lastKnownFileType = text.css; path = raywenderlich.css; sourceTree = "<group>"; };
		269EAEEA26C8A7B500F5E597 /* ToolbarCommands.swift */ = {isa = PBXFileReference; lastKnownFileType = sourcecode.swift; path = ToolbarCommands.swift; sourceTree = "<group>"; };
/* End PBXFileReference section */

/* Begin PBXFrameworksBuildPhase section */
		269EAEBB26C893BA00F5E597 /* Frameworks */ = {
			isa = PBXFrameworksBuildPhase;
			buildActionMask = 2147483647;
			files = (
				269EAED426C89D2000F5E597 /* MarkdownKit in Frameworks */,
			);
			runOnlyForDeploymentPostprocessing = 0;
		};
/* End PBXFrameworksBuildPhase section */

/* Begin PBXGroup section */
		269EAEB526C893BA00F5E597 = {
			isa = PBXGroup;
			children = (
				269EAEC026C893BA00F5E597 /* MacMarkDown */,
				269EAEBF26C893BA00F5E597 /* Products */,
			);
			sourceTree = "<group>";
		};
		269EAEBF26C893BA00F5E597 /* Products */ = {
			isa = PBXGroup;
			children = (
				269EAEBE26C893BA00F5E597 /* MacMarkDown.app */,
			);
			name = Products;
			sourceTree = "<group>";
		};
		269EAEC026C893BA00F5E597 /* MacMarkDown */ = {
			isa = PBXGroup;
			children = (
				269EAEC126C893BA00F5E597 /* MacMarkDownApp.swift */,
				269EAEC326C893BA00F5E597 /* MacMarkDownDocument.swift */,
				269EAED526C89E8F00F5E597 /* WebView.swift */,
				269EAEC526C893BA00F5E597 /* ContentView.swift */,
				269EAED926C8A11200F5E597 /* SettingsView.swift */,
				269EAEDB26C8A31800F5E597 /* MenuCommands.swift */,
				269EAEEA26C8A7B500F5E597 /* ToolbarCommands.swift */,
				269EAEC726C893BB00F5E597 /* Assets.xcassets */,
				269EAEDD26C8A47300F5E597 /* StyleSheets */,
				269EAECC26C893BB00F5E597 /* Info.plist */,
				269EAEC926C893BB00F5E597 /* Preview Content */,
			);
			path = MacMarkDown;
			sourceTree = "<group>";
		};
		269EAEC926C893BB00F5E597 /* Preview Content */ = {
			isa = PBXGroup;
			children = (
				269EAECA26C893BB00F5E597 /* Preview Assets.xcassets */,
			);
			path = "Preview Content";
			sourceTree = "<group>";
		};
		269EAEDD26C8A47300F5E597 /* StyleSheets */ = {
			isa = PBXGroup;
			children = (
				269EAEDE26C8A47300F5E597 /* StyleSheet.swift */,
				269EAEDF26C8A47300F5E597 /* ulysses.css */,
				269EAEE026C8A47300F5E597 /* github.css */,
				269EAEE126C8A47300F5E597 /* solarizeddark.css */,
				269EAEE226C8A47300F5E597 /* lopash.css */,
				269EAEE326C8A47300F5E597 /* raywenderlich.css */,
			);
			path = StyleSheets;
			sourceTree = "<group>";
		};
/* End PBXGroup section */

/* Begin PBXNativeTarget section */
		269EAEBD26C893BA00F5E597 /* MacMarkDown */ = {
			isa = PBXNativeTarget;
			buildConfigurationList = 269EAECF26C893BB00F5E597 /* Build configuration list for PBXNativeTarget "MacMarkDown" */;
			buildPhases = (
				26120F8326CB940800351CE9 /* ShellScript */,
				269EAEBA26C893BA00F5E597 /* Sources */,
				269EAEBB26C893BA00F5E597 /* Frameworks */,
				269EAEBC26C893BA00F5E597 /* Resources */,
			);
			buildRules = (
			);
			dependencies = (
			);
			name = MacMarkDown;
			packageProductDependencies = (
				269EAED326C89D2000F5E597 /* MarkdownKit */,
			);
			productName = MacMarkDown;
			productReference = 269EAEBE26C893BA00F5E597 /* MacMarkDown.app */;
			productType = "com.apple.product-type.application";
		};
/* End PBXNativeTarget section */

/* Begin PBXProject section */
		269EAEB626C893BA00F5E597 /* Project object */ = {
			isa = PBXProject;
			attributes = {
				BuildIndependentTargetsInParallel = 1;
				LastSwiftUpdateCheck = 1300;
				LastUpgradeCheck = 1310;
				ORGANIZATIONNAME = "Ray Wenderlich";
				TargetAttributes = {
					269EAEBD26C893BA00F5E597 = {
						CreatedOnToolsVersion = 13.0;
					};
				};
			};
			buildConfigurationList = 269EAEB926C893BA00F5E597 /* Build configuration list for PBXProject "MacMarkDown" */;
			compatibilityVersion = "Xcode 13.0";
			developmentRegion = en;
			hasScannedForEncodings = 0;
			knownRegions = (
				en,
				Base,
			);
			mainGroup = 269EAEB526C893BA00F5E597;
			packageReferences = (
				269EAED226C89D2000F5E597 /* XCRemoteSwiftPackageReference "swift-markdownkit" */,
			);
			productRefGroup = 269EAEBF26C893BA00F5E597 /* Products */;
			projectDirPath = "";
			projectRoot = "";
			targets = (
				269EAEBD26C893BA00F5E597 /* MacMarkDown */,
			);
		};
/* End PBXProject section */

/* Begin PBXResourcesBuildPhase section */
		269EAEBC26C893BA00F5E597 /* Resources */ = {
			isa = PBXResourcesBuildPhase;
			buildActionMask = 2147483647;
			files = (
				269EAEE826C8A47300F5E597 /* lopash.css in Resources */,
				269EAEE626C8A47300F5E597 /* github.css in Resources */,
				269EAEE726C8A47300F5E597 /* solarizeddark.css in Resources */,
				269EAECB26C893BB00F5E597 /* Preview Assets.xcassets in Resources */,
				269EAEE926C8A47300F5E597 /* raywenderlich.css in Resources */,
				269EAEE526C8A47300F5E597 /* ulysses.css in Resources */,
				269EAEC826C893BB00F5E597 /* Assets.xcassets in Resources */,
			);
			runOnlyForDeploymentPostprocessing = 0;
		};
/* End PBXResourcesBuildPhase section */

/* Begin PBXShellScriptBuildPhase section */
		26120F8326CB940800351CE9 /* ShellScript */ = {
			isa = PBXShellScriptBuildPhase;
			buildActionMask = 2147483647;
			files = (
			);
			inputFileListPaths = (
			);
			inputPaths = (
			);
			outputFileListPaths = (
			);
			outputPaths = (
			);
			runOnlyForDeploymentPostprocessing = 0;
			shellPath = /bin/sh;
			shellScript = "PATH=/opt/homebrew/bin:$PATH\nif [ -f ~/com.raywenderlich.swiftlint.yml ]; then\n  if which swiftlint >/dev/null; then\n    swiftlint --no-cache --config ~/com.raywenderlich.swiftlint.yml\n  fi\nfi\n";
		};
/* End PBXShellScriptBuildPhase section */

/* Begin PBXSourcesBuildPhase section */
		269EAEBA26C893BA00F5E597 /* Sources */ = {
			isa = PBXSourcesBuildPhase;
			buildActionMask = 2147483647;
			files = (
				269EAEDA26C8A11200F5E597 /* SettingsView.swift in Sources */,
				269EAEC226C893BA00F5E597 /* MacMarkDownApp.swift in Sources */,
				269EAEDC26C8A31800F5E597 /* MenuCommands.swift in Sources */,
				269EAED626C89E8F00F5E597 /* WebView.swift in Sources */,
				269EAEC426C893BA00F5E597 /* MacMarkDownDocument.swift in Sources */,
				269EAEEB26C8A7B500F5E597 /* ToolbarCommands.swift in Sources */,
				269EAEC626C893BA00F5E597 /* ContentView.swift in Sources */,
				269EAEE426C8A47300F5E597 /* StyleSheet.swift in Sources */,
			);
			runOnlyForDeploymentPostprocessing = 0;
		};
/* End PBXSourcesBuildPhase section */

/* Begin XCBuildConfiguration section */
		269EAECD26C893BB00F5E597 /* Debug */ = {
			isa = XCBuildConfiguration;
			buildSettings = {
				ALWAYS_SEARCH_USER_PATHS = NO;
				CLANG_ANALYZER_NONNULL = YES;
				CLANG_ANALYZER_NUMBER_OBJECT_CONVERSION = YES_AGGRESSIVE;
				CLANG_CXX_LANGUAGE_STANDARD = "gnu++17";
				CLANG_CXX_LIBRARY = "libc++";
				CLANG_ENABLE_MODULES = YES;
				CLANG_ENABLE_OBJC_ARC = YES;
				CLANG_ENABLE_OBJC_WEAK = YES;
				CLANG_WARN_BLOCK_CAPTURE_AUTORELEASING = YES;
				CLANG_WARN_BOOL_CONVERSION = YES;
				CLANG_WARN_COMMA = YES;
				CLANG_WARN_CONSTANT_CONVERSION = YES;
				CLANG_WARN_DEPRECATED_OBJC_IMPLEMENTATIONS = YES;
				CLANG_WARN_DIRECT_OBJC_ISA_USAGE = YES_ERROR;
				CLANG_WARN_DOCUMENTATION_COMMENTS = YES;
				CLANG_WARN_EMPTY_BODY = YES;
				CLANG_WARN_ENUM_CONVERSION = YES;
				CLANG_WARN_INFINITE_RECURSION = YES;
				CLANG_WARN_INT_CONVERSION = YES;
				CLANG_WARN_NON_LITERAL_NULL_CONVERSION = YES;
				CLANG_WARN_OBJC_IMPLICIT_RETAIN_SELF = YES;
				CLANG_WARN_OBJC_LITERAL_CONVERSION = YES;
				CLANG_WARN_OBJC_ROOT_CLASS = YES_ERROR;
				CLANG_WARN_QUOTED_INCLUDE_IN_FRAMEWORK_HEADER = YES;
				CLANG_WARN_RANGE_LOOP_ANALYSIS = YES;
				CLANG_WARN_STRICT_PROTOTYPES = YES;
				CLANG_WARN_SUSPICIOUS_MOVE = YES;
				CLANG_WARN_UNGUARDED_AVAILABILITY = YES_AGGRESSIVE;
				CLANG_WARN_UNREACHABLE_CODE = YES;
				CLANG_WARN__DUPLICATE_METHOD_MATCH = YES;
				COPY_PHASE_STRIP = NO;
				DEBUG_INFORMATION_FORMAT = dwarf;
				ENABLE_STRICT_OBJC_MSGSEND = YES;
				ENABLE_TESTABILITY = YES;
				GCC_C_LANGUAGE_STANDARD = gnu11;
				GCC_DYNAMIC_NO_PIC = NO;
				GCC_NO_COMMON_BLOCKS = YES;
				GCC_OPTIMIZATION_LEVEL = 0;
				GCC_PREPROCESSOR_DEFINITIONS = (
					"DEBUG=1",
					"$(inherited)",
				);
				GCC_WARN_64_TO_32_BIT_CONVERSION = YES;
				GCC_WARN_ABOUT_RETURN_TYPE = YES_ERROR;
				GCC_WARN_UNDECLARED_SELECTOR = YES;
				GCC_WARN_UNINITIALIZED_AUTOS = YES_AGGRESSIVE;
				GCC_WARN_UNUSED_FUNCTION = YES;
				GCC_WARN_UNUSED_VARIABLE = YES;
				MACOSX_DEPLOYMENT_TARGET = 12.0;
				MTL_ENABLE_DEBUG_INFO = INCLUDE_SOURCE;
				MTL_FAST_MATH = YES;
				ONLY_ACTIVE_ARCH = YES;
				SDKROOT = macosx;
				SWIFT_ACTIVE_COMPILATION_CONDITIONS = DEBUG;
				SWIFT_OPTIMIZATION_LEVEL = "-Onone";
			};
			name = Debug;
		};
		269EAECE26C893BB00F5E597 /* Release */ = {
			isa = XCBuildConfiguration;
			buildSettings = {
				ALWAYS_SEARCH_USER_PATHS = NO;
				CLANG_ANALYZER_NONNULL = YES;
				CLANG_ANALYZER_NUMBER_OBJECT_CONVERSION = YES_AGGRESSIVE;
				CLANG_CXX_LANGUAGE_STANDARD = "gnu++17";
				CLANG_CXX_LIBRARY = "libc++";
				CLANG_ENABLE_MODULES = YES;
				CLANG_ENABLE_OBJC_ARC = YES;
				CLANG_ENABLE_OBJC_WEAK = YES;
				CLANG_WARN_BLOCK_CAPTURE_AUTORELEASING = YES;
				CLANG_WARN_BOOL_CONVERSION = YES;
				CLANG_WARN_COMMA = YES;
				CLANG_WARN_CONSTANT_CONVERSION = YES;
				CLANG_WARN_DEPRECATED_OBJC_IMPLEMENTATIONS = YES;
				CLANG_WARN_DIRECT_OBJC_ISA_USAGE = YES_ERROR;
				CLANG_WARN_DOCUMENTATION_COMMENTS = YES;
				CLANG_WARN_EMPTY_BODY = YES;
				CLANG_WARN_ENUM_CONVERSION = YES;
				CLANG_WARN_INFINITE_RECURSION = YES;
				CLANG_WARN_INT_CONVERSION = YES;
				CLANG_WARN_NON_LITERAL_NULL_CONVERSION = YES;
				CLANG_WARN_OBJC_IMPLICIT_RETAIN_SELF = YES;
				CLANG_WARN_OBJC_LITERAL_CONVERSION = YES;
				CLANG_WARN_OBJC_ROOT_CLASS = YES_ERROR;
				CLANG_WARN_QUOTED_INCLUDE_IN_FRAMEWORK_HEADER = YES;
				CLANG_WARN_RANGE_LOOP_ANALYSIS = YES;
				CLANG_WARN_STRICT_PROTOTYPES = YES;
				CLANG_WARN_SUSPICIOUS_MOVE = YES;
				CLANG_WARN_UNGUARDED_AVAILABILITY = YES_AGGRESSIVE;
				CLANG_WARN_UNREACHABLE_CODE = YES;
				CLANG_WARN__DUPLICATE_METHOD_MATCH = YES;
				COPY_PHASE_STRIP = NO;
				DEBUG_INFORMATION_FORMAT = "dwarf-with-dsym";
				ENABLE_NS_ASSERTIONS = NO;
				ENABLE_STRICT_OBJC_MSGSEND = YES;
				GCC_C_LANGUAGE_STANDARD = gnu11;
				GCC_NO_COMMON_BLOCKS = YES;
				GCC_WARN_64_TO_32_BIT_CONVERSION = YES;
				GCC_WARN_ABOUT_RETURN_TYPE = YES_ERROR;
				GCC_WARN_UNDECLARED_SELECTOR = YES;
				GCC_WARN_UNINITIALIZED_AUTOS = YES_AGGRESSIVE;
				GCC_WARN_UNUSED_FUNCTION = YES;
				GCC_WARN_UNUSED_VARIABLE = YES;
				MACOSX_DEPLOYMENT_TARGET = 12.0;
				MTL_ENABLE_DEBUG_INFO = NO;
				MTL_FAST_MATH = YES;
				SDKROOT = macosx;
				SWIFT_COMPILATION_MODE = wholemodule;
				SWIFT_OPTIMIZATION_LEVEL = "-O";
			};
			name = Release;
		};
		269EAED026C893BB00F5E597 /* Debug */ = {
			isa = XCBuildConfiguration;
			buildSettings = {
				ASSETCATALOG_COMPILER_APPICON_NAME = AppIcon;
				ASSETCATALOG_COMPILER_GLOBAL_ACCENT_COLOR_NAME = AccentColor;
				CODE_SIGN_ENTITLEMENTS = MacMarkDown/MacMarkDown.entitlements;
				CODE_SIGN_IDENTITY = "-";
				CODE_SIGN_STYLE = Automatic;
				COMBINE_HIDPI_IMAGES = YES;
				CURRENT_PROJECT_VERSION = 1;
				DEVELOPMENT_ASSET_PATHS = "\"MacMarkDown/Preview Content\"";
				ENABLE_APP_SANDBOX = YES;
				ENABLE_PREVIEWS = YES;
				ENABLE_USER_SELECTED_FILES = readwrite;
				GENERATE_INFOPLIST_FILE = YES;
				INFOPLIST_FILE = MacMarkDown/Info.plist;
				INFOPLIST_KEY_NSHumanReadableCopyright = "";
				LD_RUNPATH_SEARCH_PATHS = (
					"$(inherited)",
					"@executable_path/../Frameworks",
				);
				MACOSX_DEPLOYMENT_TARGET = 12.0;
				MARKETING_VERSION = 1.0;
				PRODUCT_BUNDLE_IDENTIFIER = com.raywenderlich.MacMarkDown;
				PRODUCT_NAME = "$(TARGET_NAME)";
				SWIFT_EMIT_LOC_STRINGS = YES;
				SWIFT_VERSION = 5.0;
			};
			name = Debug;
		};
		269EAED126C893BB00F5E597 /* Release */ = {
			isa = XCBuildConfiguration;
			buildSettings = {
				ASSETCATALOG_COMPILER_APPICON_NAME = AppIcon;
				ASSETCATALOG_COMPILER_GLOBAL_ACCENT_COLOR_NAME = AccentColor;
				CODE_SIGN_ENTITLEMENTS = MacMarkDown/MacMarkDownRelease.entitlements;
				CODE_SIGN_IDENTITY = "-";
				CODE_SIGN_STYLE = Automatic;
				COMBINE_HIDPI_IMAGES = YES;
				CURRENT_PROJECT_VERSION = 1;
				DEVELOPMENT_ASSET_PATHS = "\"MacMarkDown/Preview Content\"";
				ENABLE_APP_SANDBOX = YES;
				ENABLE_PREVIEWS = YES;
				ENABLE_USER_SELECTED_FILES = readwrite;
				GENERATE_INFOPLIST_FILE = YES;
				INFOPLIST_FILE = MacMarkDown/Info.plist;
				INFOPLIST_KEY_NSHumanReadableCopyright = "";
				LD_RUNPATH_SEARCH_PATHS = (
					"$(inherited)",
					"@executable_path/../Frameworks",
				);
				MACOSX_DEPLOYMENT_TARGET = 12.0;
				MARKETING_VERSION = 1.0;
				PRODUCT_BUNDLE_IDENTIFIER = com.raywenderlich.MacMarkDown;
				PRODUCT_NAME = "$(TARGET_NAME)";
				SWIFT_EMIT_LOC_STRINGS = YES;
				SWIFT_VERSION = 5.0;
			};
			name = Release;
		};
/* End XCBuildConfiguration section */

/* Begin XCConfigurationList section */
		269EAEB926C893BA00F5E597 /* Build configuration list for PBXProject "MacMarkDown" */ = {
			isa = XCConfigurationList;
			buildConfigurations = (
				269EAECD26C893BB00F5E597 /* Debug */,
				269EAECE26C893BB00F5E597 /* Release */,
			);
			defaultConfigurationIsVisible = 0;
			defaultConfigurationName = Release;
		};
		269EAECF26C893BB00F5E597 /* Build configuration list for PBXNativeTarget "MacMarkDown" */ = {
			isa = XCConfigurationList;
			buildConfigurations = (
				269EAED026C893BB00F5E597 /* Debug */,
				269EAED126C893BB00F5E597 /* Release */,
			);
			defaultConfigurationIsVisible = 0;
			defaultConfigurationName = Release;
		};
/* End XCConfigurationList section */

/* Begin XCRemoteSwiftPackageReference section */
		269EAED226C89D2000F5E597 /* XCRemoteSwiftPackageReference "swift-markdownkit" */ = {
			isa = XCRemoteSwiftPackageReference;
			repositoryURL = "https://github.com/objecthub/swift-markdownkit";
			requirement = {
				kind = upToNextMajorVersion;
				minimumVersion = 1.0.0;
			};
		};
/* End XCRemoteSwiftPackageReference section */

/* Begin XCSwiftPackageProductDependency section */
		269EAED326C89D2000F5E597 /* MarkdownKit */ = {
			isa = XCSwiftPackageProductDependency;
			package = 269EAED226C89D2000F5E597 /* XCRemoteSwiftPackageReference "swift-markdownkit" */;
			productName = MarkdownKit;
		};
/* End XCSwiftPackageProductDependency section */
	};
	rootObject = 269EAEB626C893BA00F5E597 /* Project object */;
}
