// !$*UTF8*$!
{
	archiveVersion = 1;
	classes = {
	};
	objectVersion = 55;
	objects = {

/* Begin PBXBuildFile section */
		266096D326F1B55100D3E245 /* MountainAirportMacApp.swift in Sources */ = {isa = PBXBuildFile; fileRef = 266096D226F1B55100D3E245 /* MountainAirportMacApp.swift */; };
		266096D526F1B55100D3E245 /* ContentView.swift in Sources */ = {isa = PBXBuildFile; fileRef = 266096D426F1B55100D3E245 /* ContentView.swift */; };
		266096D726F1B55100D3E245 /* Assets.xcassets in Resources */ = {isa = PBXBuildFile; fileRef = 266096D626F1B55100D3E245 /* Assets.xcassets */; };
		266096DA26F1B55100D3E245 /* Preview Assets.xcassets in Resources */ = {isa = PBXBuildFile; fileRef = 266096D926F1B55100D3E245 /* Preview Assets.xcassets */; };
		266096E826F1B59F00D3E245 /* FlightStatusButton.swift in Sources */ = {isa = PBXBuildFile; fileRef = 266096E126F1B59F00D3E245 /* FlightStatusButton.swift */; };
		266096E926F1B59F00D3E245 /* AwardsButton.swift in Sources */ = {isa = PBXBuildFile; fileRef = 266096E226F1B59F00D3E245 /* AwardsButton.swift */; };
		266096EA26F1B59F00D3E245 /* LastViewedButton.swift in Sources */ = {isa = PBXBuildFile; fileRef = 266096E326F1B59F00D3E245 /* LastViewedButton.swift */; };
		266096EB26F1B59F00D3E245 /* WelcomeView.swift in Sources */ = {isa = PBXBuildFile; fileRef = 266096E426F1B59F00D3E245 /* WelcomeView.swift */; };
		266096EC26F1B59F00D3E245 /* SearchFlightsButton.swift in Sources */ = {isa = PBXBuildFile; fileRef = 266096E526F1B59F00D3E245 /* SearchFlightsButton.swift */; };
		266096ED26F1B59F00D3E245 /* WelcomeButtonView.swift in Sources */ = {isa = PBXBuildFile; fileRef = 266096E626F1B59F00D3E245 /* WelcomeButtonView.swift */; };
		266096F226F1B5A900D3E245 /* AwardsView.swift in Sources */ = {isa = PBXBuildFile; fileRef = 266096EF26F1B5A900D3E245 /* AwardsView.swift */; };
		266096F326F1B5A900D3E245 /* AwardCardView.swift in Sources */ = {isa = PBXBuildFile; fileRef = 266096F026F1B5A900D3E245 /* AwardCardView.swift */; };
		266096F426F1B5A900D3E245 /* AwardDetails.swift in Sources */ = {isa = PBXBuildFile; fileRef = 266096F126F1B5A900D3E245 /* AwardDetails.swift */; };
		266096FA26F1B5B100D3E245 /* FlightDetails.swift in Sources */ = {isa = PBXBuildFile; fileRef = 266096F626F1B5B100D3E245 /* FlightDetails.swift */; };
		266096FB26F1B5B100D3E245 /* FlightDetailHeader.swift in Sources */ = {isa = PBXBuildFile; fileRef = 266096F726F1B5B100D3E245 /* FlightDetailHeader.swift */; };
		266096FC26F1B5B100D3E245 /* FlightInfoPanel.swift in Sources */ = {isa = PBXBuildFile; fileRef = 266096F826F1B5B100D3E245 /* FlightInfoPanel.swift */; };
		266096FD26F1B5B100D3E245 /* FlightTerminalMap.swift in Sources */ = {isa = PBXBuildFile; fileRef = 266096F926F1B5B100D3E245 /* FlightTerminalMap.swift */; };
		2660970326F1B5B900D3E245 /* FlightStatusIcon.swift in Sources */ = {isa = PBXBuildFile; fileRef = 266096FF26F1B5B900D3E245 /* FlightStatusIcon.swift */; };
		2660970426F1B5B900D3E245 /* FlightRow.swift in Sources */ = {isa = PBXBuildFile; fileRef = 2660970026F1B5B900D3E245 /* FlightRow.swift */; };
		2660970526F1B5B900D3E245 /* FlightList.swift in Sources */ = {isa = PBXBuildFile; fileRef = 2660970126F1B5B900D3E245 /* FlightList.swift */; };
		2660970626F1B5B900D3E245 /* FlightStatusBoard.swift in Sources */ = {isa = PBXBuildFile; fileRef = 2660970226F1B5B900D3E245 /* FlightStatusBoard.swift */; };
		2660970A26F1B5C100D3E245 /* DateFormatters.swift in Sources */ = {isa = PBXBuildFile; fileRef = 2660970826F1B5C100D3E245 /* DateFormatters.swift */; };
		2660970B26F1B5C100D3E245 /* DateExtensions.swift in Sources */ = {isa = PBXBuildFile; fileRef = 2660970926F1B5C100D3E245 /* DateExtensions.swift */; };
		2660971526F1B5C800D3E245 /* FlightData.swift in Sources */ = {isa = PBXBuildFile; fileRef = 2660970D26F1B5C800D3E245 /* FlightData.swift */; };
		2660971626F1B5C800D3E245 /* FlightInformation.swift in Sources */ = {isa = PBXBuildFile; fileRef = 2660970E26F1B5C800D3E245 /* FlightInformation.swift */; };
		2660971726F1B5C800D3E245 /* SavedFlights.swift in Sources */ = {isa = PBXBuildFile; fileRef = 2660970F26F1B5C800D3E245 /* SavedFlights.swift */; };
		2660971826F1B5C800D3E245 /* PurchasedFlights.swift in Sources */ = {isa = PBXBuildFile; fileRef = 2660971026F1B5C800D3E245 /* PurchasedFlights.swift */; };
		2660971926F1B5C800D3E245 /* AwardInformation.swift in Sources */ = {isa = PBXBuildFile; fileRef = 2660971126F1B5C800D3E245 /* AwardInformation.swift */; };
		2660971A26F1B5C800D3E245 /* CheckInInfo.swift in Sources */ = {isa = PBXBuildFile; fileRef = 2660971226F1B5C800D3E245 /* CheckInInfo.swift */; };
		2660971B26F1B5C800D3E245 /* FlightHistory.swift in Sources */ = {isa = PBXBuildFile; fileRef = 2660971326F1B5C800D3E245 /* FlightHistory.swift */; };
		2660971C26F1B5C800D3E245 /* AppEnvironment.swift in Sources */ = {isa = PBXBuildFile; fileRef = 2660971426F1B5C800D3E245 /* AppEnvironment.swift */; };
		2660972526F1B5DA00D3E245 /* FlightSearchDetails.swift in Sources */ = {isa = PBXBuildFile; fileRef = 2660971E26F1B5DA00D3E245 /* FlightSearchDetails.swift */; };
		2660972626F1B5DA00D3E245 /* SearchFlights.swift in Sources */ = {isa = PBXBuildFile; fileRef = 2660971F26F1B5DA00D3E245 /* SearchFlights.swift */; };
		2660972726F1B5DA00D3E245 /* DelayBarChart.swift in Sources */ = {isa = PBXBuildFile; fileRef = 2660972026F1B5DA00D3E245 /* DelayBarChart.swift */; };
		2660972826F1B5DA00D3E245 /* HistoryPieChart.swift in Sources */ = {isa = PBXBuildFile; fileRef = 2660972126F1B5DA00D3E245 /* HistoryPieChart.swift */; };
		2660972926F1B5DA00D3E245 /* FlightTimeHistory.swift in Sources */ = {isa = PBXBuildFile; fileRef = 2660972226F1B5DA00D3E245 /* FlightTimeHistory.swift */; };
		2660972A26F1B5DA00D3E245 /* SearchResultRow.swift in Sources */ = {isa = PBXBuildFile; fileRef = 2660972326F1B5DA00D3E245 /* SearchResultRow.swift */; };
		2660972B26F1B5DA00D3E245 /* FlightSearchSummary.swift in Sources */ = {isa = PBXBuildFile; fileRef = 2660972426F1B5DA00D3E245 /* FlightSearchSummary.swift */; };
/* End PBXBuildFile section */

/* Begin PBXFileReference section */
		266096CF26F1B55100D3E245 /* MountainAirportMac.app */ = {isa = PBXFileReference; explicitFileType = wrapper.application; includeInIndex = 0; path = MountainAirportMac.app; sourceTree = BUILT_PRODUCTS_DIR; };
		266096D226F1B55100D3E245 /* MountainAirportMacApp.swift */ = {isa = PBXFileReference; lastKnownFileType = sourcecode.swift; path = MountainAirportMacApp.swift; sourceTree = "<group>"; };
		266096D426F1B55100D3E245 /* ContentView.swift */ = {isa = PBXFileReference; lastKnownFileType = sourcecode.swift; path = ContentView.swift; sourceTree = "<group>"; };
		266096D626F1B55100D3E245 /* Assets.xcassets */ = {isa = PBXFileReference; lastKnownFileType = folder.assetcatalog; path = Assets.xcassets; sourceTree = "<group>"; };
		266096D926F1B55100D3E245 /* Preview Assets.xcassets */ = {isa = PBXFileReference; lastKnownFileType = folder.assetcatalog; path = "Preview Assets.xcassets"; sourceTree = "<group>"; };
		266096E126F1B59F00D3E245 /* FlightStatusButton.swift */ = {isa = PBXFileReference; fileEncoding = 4; lastKnownFileType = sourcecode.swift; path = FlightStatusButton.swift; sourceTree = "<group>"; };
		266096E226F1B59F00D3E245 /* AwardsButton.swift */ = {isa = PBXFileReference; fileEncoding = 4; lastKnownFileType = sourcecode.swift; path = AwardsButton.swift; sourceTree = "<group>"; };
		266096E326F1B59F00D3E245 /* LastViewedButton.swift */ = {isa = PBXFileReference; fileEncoding = 4; lastKnownFileType = sourcecode.swift; path = LastViewedButton.swift; sourceTree = "<group>"; };
		266096E426F1B59F00D3E245 /* WelcomeView.swift */ = {isa = PBXFileReference; fileEncoding = 4; lastKnownFileType = sourcecode.swift; path = WelcomeView.swift; sourceTree = "<group>"; };
		266096E526F1B59F00D3E245 /* SearchFlightsButton.swift */ = {isa = PBXFileReference; fileEncoding = 4; lastKnownFileType = sourcecode.swift; path = SearchFlightsButton.swift; sourceTree = "<group>"; };
		266096E626F1B59F00D3E245 /* WelcomeButtonView.swift */ = {isa = PBXFileReference; fileEncoding = 4; lastKnownFileType = sourcecode.swift; path = WelcomeButtonView.swift; sourceTree = "<group>"; };
		266096EF26F1B5A900D3E245 /* AwardsView.swift */ = {isa = PBXFileReference; fileEncoding = 4; lastKnownFileType = sourcecode.swift; path = AwardsView.swift; sourceTree = "<group>"; };
		266096F026F1B5A900D3E245 /* AwardCardView.swift */ = {isa = PBXFileReference; fileEncoding = 4; lastKnownFileType = sourcecode.swift; path = AwardCardView.swift; sourceTree = "<group>"; };
		266096F126F1B5A900D3E245 /* AwardDetails.swift */ = {isa = PBXFileReference; fileEncoding = 4; lastKnownFileType = sourcecode.swift; path = AwardDetails.swift; sourceTree = "<group>"; };
		266096F626F1B5B100D3E245 /* FlightDetails.swift */ = {isa = PBXFileReference; fileEncoding = 4; lastKnownFileType = sourcecode.swift; path = FlightDetails.swift; sourceTree = "<group>"; };
		266096F726F1B5B100D3E245 /* FlightDetailHeader.swift */ = {isa = PBXFileReference; fileEncoding = 4; lastKnownFileType = sourcecode.swift; path = FlightDetailHeader.swift; sourceTree = "<group>"; };
		266096F826F1B5B100D3E245 /* FlightInfoPanel.swift */ = {isa = PBXFileReference; fileEncoding = 4; lastKnownFileType = sourcecode.swift; path = FlightInfoPanel.swift; sourceTree = "<group>"; };
		266096F926F1B5B100D3E245 /* FlightTerminalMap.swift */ = {isa = PBXFileReference; fileEncoding = 4; lastKnownFileType = sourcecode.swift; path = FlightTerminalMap.swift; sourceTree = "<group>"; };
		266096FF26F1B5B900D3E245 /* FlightStatusIcon.swift */ = {isa = PBXFileReference; fileEncoding = 4; lastKnownFileType = sourcecode.swift; path = FlightStatusIcon.swift; sourceTree = "<group>"; };
		2660970026F1B5B900D3E245 /* FlightRow.swift */ = {isa = PBXFileReference; fileEncoding = 4; lastKnownFileType = sourcecode.swift; path = FlightRow.swift; sourceTree = "<group>"; };
		2660970126F1B5B900D3E245 /* FlightList.swift */ = {isa = PBXFileReference; fileEncoding = 4; lastKnownFileType = sourcecode.swift; path = FlightList.swift; sourceTree = "<group>"; };
		2660970226F1B5B900D3E245 /* FlightStatusBoard.swift */ = {isa = PBXFileReference; fileEncoding = 4; lastKnownFileType = sourcecode.swift; path = FlightStatusBoard.swift; sourceTree = "<group>"; };
		2660970826F1B5C100D3E245 /* DateFormatters.swift */ = {isa = PBXFileReference; fileEncoding = 4; lastKnownFileType = sourcecode.swift; path = DateFormatters.swift; sourceTree = "<group>"; };
		2660970926F1B5C100D3E245 /* DateExtensions.swift */ = {isa = PBXFileReference; fileEncoding = 4; lastKnownFileType = sourcecode.swift; path = DateExtensions.swift; sourceTree = "<group>"; };
		2660970D26F1B5C800D3E245 /* FlightData.swift */ = {isa = PBXFileReference; fileEncoding = 4; lastKnownFileType = sourcecode.swift; path = FlightData.swift; sourceTree = "<group>"; };
		2660970E26F1B5C800D3E245 /* FlightInformation.swift */ = {isa = PBXFileReference; fileEncoding = 4; lastKnownFileType = sourcecode.swift; path = FlightInformation.swift; sourceTree = "<group>"; };
		2660970F26F1B5C800D3E245 /* SavedFlights.swift */ = {isa = PBXFileReference; fileEncoding = 4; lastKnownFileType = sourcecode.swift; path = SavedFlights.swift; sourceTree = "<group>"; };
		2660971026F1B5C800D3E245 /* PurchasedFlights.swift */ = {isa = PBXFileReference; fileEncoding = 4; lastKnownFileType = sourcecode.swift; path = PurchasedFlights.swift; sourceTree = "<group>"; };
		2660971126F1B5C800D3E245 /* AwardInformation.swift */ = {isa = PBXFileReference; fileEncoding = 4; lastKnownFileType = sourcecode.swift; path = AwardInformation.swift; sourceTree = "<group>"; };
		2660971226F1B5C800D3E245 /* CheckInInfo.swift */ = {isa = PBXFileReference; fileEncoding = 4; lastKnownFileType = sourcecode.swift; path = CheckInInfo.swift; sourceTree = "<group>"; };
		2660971326F1B5C800D3E245 /* FlightHistory.swift */ = {isa = PBXFileReference; fileEncoding = 4; lastKnownFileType = sourcecode.swift; path = FlightHistory.swift; sourceTree = "<group>"; };
		2660971426F1B5C800D3E245 /* AppEnvironment.swift */ = {isa = PBXFileReference; fileEncoding = 4; lastKnownFileType = sourcecode.swift; path = AppEnvironment.swift; sourceTree = "<group>"; };
		2660971E26F1B5DA00D3E245 /* FlightSearchDetails.swift */ = {isa = PBXFileReference; fileEncoding = 4; lastKnownFileType = sourcecode.swift; path = FlightSearchDetails.swift; sourceTree = "<group>"; };
		2660971F26F1B5DA00D3E245 /* SearchFlights.swift */ = {isa = PBXFileReference; fileEncoding = 4; lastKnownFileType = sourcecode.swift; path = SearchFlights.swift; sourceTree = "<group>"; };
		2660972026F1B5DA00D3E245 /* DelayBarChart.swift */ = {isa = PBXFileReference; fileEncoding = 4; lastKnownFileType = sourcecode.swift; path = DelayBarChart.swift; sourceTree = "<group>"; };
		2660972126F1B5DA00D3E245 /* HistoryPieChart.swift */ = {isa = PBXFileReference; fileEncoding = 4; lastKnownFileType = sourcecode.swift; path = HistoryPieChart.swift; sourceTree = "<group>"; };
		2660972226F1B5DA00D3E245 /* FlightTimeHistory.swift */ = {isa = PBXFileReference; fileEncoding = 4; lastKnownFileType = sourcecode.swift; path = FlightTimeHistory.swift; sourceTree = "<group>"; };
		2660972326F1B5DA00D3E245 /* SearchResultRow.swift */ = {isa = PBXFileReference; fileEncoding = 4; lastKnownFileType = sourcecode.swift; path = SearchResultRow.swift; sourceTree = "<group>"; };
		2660972426F1B5DA00D3E245 /* FlightSearchSummary.swift */ = {isa = PBXFileReference; fileEncoding = 4; lastKnownFileType = sourcecode.swift; path = FlightSearchSummary.swift; sourceTree = "<group>"; };
/* End PBXFileReference section */

/* Begin PBXFrameworksBuildPhase section */
		266096CC26F1B55100D3E245 /* Frameworks */ = {
			isa = PBXFrameworksBuildPhase;
			buildActionMask = 2147483647;
			files = (
			);
			runOnlyForDeploymentPostprocessing = 0;
		};
/* End PBXFrameworksBuildPhase section */

/* Begin PBXGroup section */
		266096C626F1B55100D3E245 = {
			isa = PBXGroup;
			children = (
				266096D126F1B55100D3E245 /* MountainAirportMac */,
				266096D026F1B55100D3E245 /* Products */,
			);
			sourceTree = "<group>";
		};
		266096D026F1B55100D3E245 /* Products */ = {
			isa = PBXGroup;
			children = (
				266096CF26F1B55100D3E245 /* MountainAirportMac.app */,
			);
			name = Products;
			sourceTree = "<group>";
		};
		266096D126F1B55100D3E245 /* MountainAirportMac */ = {
			isa = PBXGroup;
			children = (
				266096D226F1B55100D3E245 /* MountainAirportMacApp.swift */,
				266096D426F1B55100D3E245 /* ContentView.swift */,
				266096E226F1B59F00D3E245 /* AwardsButton.swift */,
				266096E126F1B59F00D3E245 /* FlightStatusButton.swift */,
				266096E326F1B59F00D3E245 /* LastViewedButton.swift */,
				266096E526F1B59F00D3E245 /* SearchFlightsButton.swift */,
				266096E626F1B59F00D3E245 /* WelcomeButtonView.swift */,
				266096E426F1B59F00D3E245 /* WelcomeView.swift */,
				266096EE26F1B5A900D3E245 /* AwardsView */,
				266096F526F1B5B100D3E245 /* FlightDetails */,
				266096FE26F1B5B900D3E245 /* FlightStatusBoard */,
				2660970726F1B5C100D3E245 /* Misc */,
				2660970C26F1B5C800D3E245 /* Models */,
				2660971D26F1B5DA00D3E245 /* SearchFlights */,
				266096D626F1B55100D3E245 /* Assets.xcassets */,
				266096D826F1B55100D3E245 /* Preview Content */,
			);
			path = MountainAirportMac;
			sourceTree = "<group>";
		};
		266096D826F1B55100D3E245 /* Preview Content */ = {
			isa = PBXGroup;
			children = (
				266096D926F1B55100D3E245 /* Preview Assets.xcassets */,
			);
			path = "Preview Content";
			sourceTree = "<group>";
		};
		266096EE26F1B5A900D3E245 /* AwardsView */ = {
			isa = PBXGroup;
			children = (
				266096EF26F1B5A900D3E245 /* AwardsView.swift */,
				266096F026F1B5A900D3E245 /* AwardCardView.swift */,
				266096F126F1B5A900D3E245 /* AwardDetails.swift */,
			);
			path = AwardsView;
			sourceTree = "<group>";
		};
		266096F526F1B5B100D3E245 /* FlightDetails */ = {
			isa = PBXGroup;
			children = (
				266096F626F1B5B100D3E245 /* FlightDetails.swift */,
				266096F726F1B5B100D3E245 /* FlightDetailHeader.swift */,
				266096F826F1B5B100D3E245 /* FlightInfoPanel.swift */,
				266096F926F1B5B100D3E245 /* FlightTerminalMap.swift */,
			);
			path = FlightDetails;
			sourceTree = "<group>";
		};
		266096FE26F1B5B900D3E245 /* FlightStatusBoard */ = {
			isa = PBXGroup;
			children = (
				266096FF26F1B5B900D3E245 /* FlightStatusIcon.swift */,
				2660970026F1B5B900D3E245 /* FlightRow.swift */,
				2660970126F1B5B900D3E245 /* FlightList.swift */,
				2660970226F1B5B900D3E245 /* FlightStatusBoard.swift */,
			);
			path = FlightStatusBoard;
			sourceTree = "<group>";
		};
		2660970726F1B5C100D3E245 /* Misc */ = {
			isa = PBXGroup;
			children = (
				2660970826F1B5C100D3E245 /* DateFormatters.swift */,
				2660970926F1B5C100D3E245 /* DateExtensions.swift */,
			);
			path = Misc;
			sourceTree = "<group>";
		};
		2660970C26F1B5C800D3E245 /* Models */ = {
			isa = PBXGroup;
			children = (
				2660970D26F1B5C800D3E245 /* FlightData.swift */,
				2660970E26F1B5C800D3E245 /* FlightInformation.swift */,
				2660970F26F1B5C800D3E245 /* SavedFlights.swift */,
				2660971026F1B5C800D3E245 /* PurchasedFlights.swift */,
				2660971126F1B5C800D3E245 /* AwardInformation.swift */,
				2660971226F1B5C800D3E245 /* CheckInInfo.swift */,
				2660971326F1B5C800D3E245 /* FlightHistory.swift */,
				2660971426F1B5C800D3E245 /* AppEnvironment.swift */,
			);
			path = Models;
			sourceTree = "<group>";
		};
		2660971D26F1B5DA00D3E245 /* SearchFlights */ = {
			isa = PBXGroup;
			children = (
				2660971E26F1B5DA00D3E245 /* FlightSearchDetails.swift */,
				2660971F26F1B5DA00D3E245 /* SearchFlights.swift */,
				2660972026F1B5DA00D3E245 /* DelayBarChart.swift */,
				2660972126F1B5DA00D3E245 /* HistoryPieChart.swift */,
				2660972226F1B5DA00D3E245 /* FlightTimeHistory.swift */,
				2660972326F1B5DA00D3E245 /* SearchResultRow.swift */,
				2660972426F1B5DA00D3E245 /* FlightSearchSummary.swift */,
			);
			path = SearchFlights;
			sourceTree = "<group>";
		};
/* End PBXGroup section */

/* Begin PBXNativeTarget section */
		266096CE26F1B55100D3E245 /* MountainAirportMac */ = {
			isa = PBXNativeTarget;
			buildConfigurationList = 266096DD26F1B55100D3E245 /* Build configuration list for PBXNativeTarget "MountainAirportMac" */;
			buildPhases = (
				2660972C26F1C4EE00D3E245 /* ShellScript */,
				266096CB26F1B55100D3E245 /* Sources */,
				266096CC26F1B55100D3E245 /* Frameworks */,
				266096CD26F1B55100D3E245 /* Resources */,
			);
			buildRules = (
			);
			dependencies = (
			);
			name = MountainAirportMac;
			productName = MountainAirportMac;
			productReference = 266096CF26F1B55100D3E245 /* MountainAirportMac.app */;
			productType = "com.apple.product-type.application";
		};
/* End PBXNativeTarget section */

/* Begin PBXProject section */
		266096C726F1B55100D3E245 /* Project object */ = {
			isa = PBXProject;
			attributes = {
				BuildIndependentTargetsInParallel = 1;
				LastSwiftUpdateCheck = 1300;
				LastUpgradeCheck = 1300;
				ORGANIZATIONNAME = "Ray Wenderlich";
				TargetAttributes = {
					266096CE26F1B55100D3E245 = {
						CreatedOnToolsVersion = 13.0;
					};
				};
			};
			buildConfigurationList = 266096CA26F1B55100D3E245 /* Build configuration list for PBXProject "MountainAirportMac" */;
			compatibilityVersion = "Xcode 13.0";
			developmentRegion = en;
			hasScannedForEncodings = 0;
			knownRegions = (
				en,
				Base,
			);
			mainGroup = 266096C626F1B55100D3E245;
			productRefGroup = 266096D026F1B55100D3E245 /* Products */;
			projectDirPath = "";
			projectRoot = "";
			targets = (
				266096CE26F1B55100D3E245 /* MountainAirportMac */,
			);
		};
/* End PBXProject section */

/* Begin PBXResourcesBuildPhase section */
		266096CD26F1B55100D3E245 /* Resources */ = {
			isa = PBXResourcesBuildPhase;
			buildActionMask = 2147483647;
			files = (
				266096DA26F1B55100D3E245 /* Preview Assets.xcassets in Resources */,
				266096D726F1B55100D3E245 /* Assets.xcassets in Resources */,
			);
			runOnlyForDeploymentPostprocessing = 0;
		};
/* End PBXResourcesBuildPhase section */

/* Begin PBXShellScriptBuildPhase section */
		2660972C26F1C4EE00D3E245 /* ShellScript */ = {
			isa = PBXShellScriptBuildPhase;
			buildActionMask = 2147483647;
			files = (
			);
			inputFileListPaths = (
			);
			inputPaths = (
			);
			outputFileListPaths = (
			);
			outputPaths = (
			);
			runOnlyForDeploymentPostprocessing = 0;
			shellPath = /bin/sh;
			shellScript = "PATH=/opt/homebrew/bin:$PATH\nif [ -f ~/com.raywenderlich.swiftlint.yml ]; then\n  if which swiftlint >/dev/null; then\n    swiftlint --no-cache --config ~/com.raywenderlich.swiftlint.yml\n  fi\nfi\n";
		};
/* End PBXShellScriptBuildPhase section */

/* Begin PBXSourcesBuildPhase section */
		266096CB26F1B55100D3E245 /* Sources */ = {
			isa = PBXSourcesBuildPhase;
			buildActionMask = 2147483647;
			files = (
				2660970626F1B5B900D3E245 /* FlightStatusBoard.swift in Sources */,
				2660972726F1B5DA00D3E245 /* DelayBarChart.swift in Sources */,
				266096D526F1B55100D3E245 /* ContentView.swift in Sources */,
				266096E826F1B59F00D3E245 /* FlightStatusButton.swift in Sources */,
				2660970426F1B5B900D3E245 /* FlightRow.swift in Sources */,
				2660972A26F1B5DA00D3E245 /* SearchResultRow.swift in Sources */,
				2660970326F1B5B900D3E245 /* FlightStatusIcon.swift in Sources */,
				2660971C26F1B5C800D3E245 /* AppEnvironment.swift in Sources */,
				2660971826F1B5C800D3E245 /* PurchasedFlights.swift in Sources */,
				2660970B26F1B5C100D3E245 /* DateExtensions.swift in Sources */,
				2660971926F1B5C800D3E245 /* AwardInformation.swift in Sources */,
				266096F426F1B5A900D3E245 /* AwardDetails.swift in Sources */,
				2660970A26F1B5C100D3E245 /* DateFormatters.swift in Sources */,
				266096F226F1B5A900D3E245 /* AwardsView.swift in Sources */,
				2660971726F1B5C800D3E245 /* SavedFlights.swift in Sources */,
				266096E926F1B59F00D3E245 /* AwardsButton.swift in Sources */,
				266096D326F1B55100D3E245 /* MountainAirportMacApp.swift in Sources */,
				2660971B26F1B5C800D3E245 /* FlightHistory.swift in Sources */,
				266096F326F1B5A900D3E245 /* AwardCardView.swift in Sources */,
				266096EA26F1B59F00D3E245 /* LastViewedButton.swift in Sources */,
				2660971A26F1B5C800D3E245 /* CheckInInfo.swift in Sources */,
				2660971626F1B5C800D3E245 /* FlightInformation.swift in Sources */,
				2660972826F1B5DA00D3E245 /* HistoryPieChart.swift in Sources */,
				2660972626F1B5DA00D3E245 /* SearchFlights.swift in Sources */,
				2660972926F1B5DA00D3E245 /* FlightTimeHistory.swift in Sources */,
				2660971526F1B5C800D3E245 /* FlightData.swift in Sources */,
				266096EB26F1B59F00D3E245 /* WelcomeView.swift in Sources */,
				266096FD26F1B5B100D3E245 /* FlightTerminalMap.swift in Sources */,
				266096EC26F1B59F00D3E245 /* SearchFlightsButton.swift in Sources */,
				266096FB26F1B5B100D3E245 /* FlightDetailHeader.swift in Sources */,
				266096FC26F1B5B100D3E245 /* FlightInfoPanel.swift in Sources */,
				2660972526F1B5DA00D3E245 /* FlightSearchDetails.swift in Sources */,
				266096FA26F1B5B100D3E245 /* FlightDetails.swift in Sources */,
				2660972B26F1B5DA00D3E245 /* FlightSearchSummary.swift in Sources */,
				266096ED26F1B59F00D3E245 /* WelcomeButtonView.swift in Sources */,
				2660970526F1B5B900D3E245 /* FlightList.swift in Sources */,
			);
			runOnlyForDeploymentPostprocessing = 0;
		};
/* End PBXSourcesBuildPhase section */

/* Begin XCBuildConfiguration section */
		266096DB26F1B55100D3E245 /* Debug */ = {
			isa = XCBuildConfiguration;
			buildSettings = {
				ALWAYS_SEARCH_USER_PATHS = NO;
				CLANG_ANALYZER_NONNULL = YES;
				CLANG_ANALYZER_NUMBER_OBJECT_CONVERSION = YES_AGGRESSIVE;
				CLANG_CXX_LANGUAGE_STANDARD = "gnu++17";
				CLANG_CXX_LIBRARY = "libc++";
				CLANG_ENABLE_MODULES = YES;
				CLANG_ENABLE_OBJC_ARC = YES;
				CLANG_ENABLE_OBJC_WEAK = YES;
				CLANG_WARN_BLOCK_CAPTURE_AUTORELEASING = YES;
				CLANG_WARN_BOOL_CONVERSION = YES;
				CLANG_WARN_COMMA = YES;
				CLANG_WARN_CONSTANT_CONVERSION = YES;
				CLANG_WARN_DEPRECATED_OBJC_IMPLEMENTATIONS = YES;
				CLANG_WARN_DIRECT_OBJC_ISA_USAGE = YES_ERROR;
				CLANG_WARN_DOCUMENTATION_COMMENTS = YES;
				CLANG_WARN_EMPTY_BODY = YES;
				CLANG_WARN_ENUM_CONVERSION = YES;
				CLANG_WARN_INFINITE_RECURSION = YES;
				CLANG_WARN_INT_CONVERSION = YES;
				CLANG_WARN_NON_LITERAL_NULL_CONVERSION = YES;
				CLANG_WARN_OBJC_IMPLICIT_RETAIN_SELF = YES;
				CLANG_WARN_OBJC_LITERAL_CONVERSION = YES;
				CLANG_WARN_OBJC_ROOT_CLASS = YES_ERROR;
				CLANG_WARN_QUOTED_INCLUDE_IN_FRAMEWORK_HEADER = YES;
				CLANG_WARN_RANGE_LOOP_ANALYSIS = YES;
				CLANG_WARN_STRICT_PROTOTYPES = YES;
				CLANG_WARN_SUSPICIOUS_MOVE = YES;
				CLANG_WARN_UNGUARDED_AVAILABILITY = YES_AGGRESSIVE;
				CLANG_WARN_UNREACHABLE_CODE = YES;
				CLANG_WARN__DUPLICATE_METHOD_MATCH = YES;
				COPY_PHASE_STRIP = NO;
				DEBUG_INFORMATION_FORMAT = dwarf;
				ENABLE_STRICT_OBJC_MSGSEND = YES;
				ENABLE_TESTABILITY = YES;
				GCC_C_LANGUAGE_STANDARD = gnu11;
				GCC_DYNAMIC_NO_PIC = NO;
				GCC_NO_COMMON_BLOCKS = YES;
				GCC_OPTIMIZATION_LEVEL = 0;
				GCC_PREPROCESSOR_DEFINITIONS = (
					"DEBUG=1",
					"$(inherited)",
				);
				GCC_WARN_64_TO_32_BIT_CONVERSION = YES;
				GCC_WARN_ABOUT_RETURN_TYPE = YES_ERROR;
				GCC_WARN_UNDECLARED_SELECTOR = YES;
				GCC_WARN_UNINITIALIZED_AUTOS = YES_AGGRESSIVE;
				GCC_WARN_UNUSED_FUNCTION = YES;
				GCC_WARN_UNUSED_VARIABLE = YES;
				MACOSX_DEPLOYMENT_TARGET = 12.0;
				MTL_ENABLE_DEBUG_INFO = INCLUDE_SOURCE;
				MTL_FAST_MATH = YES;
				ONLY_ACTIVE_ARCH = YES;
				SDKROOT = macosx;
				SWIFT_ACTIVE_COMPILATION_CONDITIONS = DEBUG;
				SWIFT_OPTIMIZATION_LEVEL = "-Onone";
			};
			name = Debug;
		};
		266096DC26F1B55100D3E245 /* Release */ = {
			isa = XCBuildConfiguration;
			buildSettings = {
				ALWAYS_SEARCH_USER_PATHS = NO;
				CLANG_ANALYZER_NONNULL = YES;
				CLANG_ANALYZER_NUMBER_OBJECT_CONVERSION = YES_AGGRESSIVE;
				CLANG_CXX_LANGUAGE_STANDARD = "gnu++17";
				CLANG_CXX_LIBRARY = "libc++";
				CLANG_ENABLE_MODULES = YES;
				CLANG_ENABLE_OBJC_ARC = YES;
				CLANG_ENABLE_OBJC_WEAK = YES;
				CLANG_WARN_BLOCK_CAPTURE_AUTORELEASING = YES;
				CLANG_WARN_BOOL_CONVERSION = YES;
				CLANG_WARN_COMMA = YES;
				CLANG_WARN_CONSTANT_CONVERSION = YES;
				CLANG_WARN_DEPRECATED_OBJC_IMPLEMENTATIONS = YES;
				CLANG_WARN_DIRECT_OBJC_ISA_USAGE = YES_ERROR;
				CLANG_WARN_DOCUMENTATION_COMMENTS = YES;
				CLANG_WARN_EMPTY_BODY = YES;
				CLANG_WARN_ENUM_CONVERSION = YES;
				CLANG_WARN_INFINITE_RECURSION = YES;
				CLANG_WARN_INT_CONVERSION = YES;
				CLANG_WARN_NON_LITERAL_NULL_CONVERSION = YES;
				CLANG_WARN_OBJC_IMPLICIT_RETAIN_SELF = YES;
				CLANG_WARN_OBJC_LITERAL_CONVERSION = YES;
				CLANG_WARN_OBJC_ROOT_CLASS = YES_ERROR;
				CLANG_WARN_QUOTED_INCLUDE_IN_FRAMEWORK_HEADER = YES;
				CLANG_WARN_RANGE_LOOP_ANALYSIS = YES;
				CLANG_WARN_STRICT_PROTOTYPES = YES;
				CLANG_WARN_SUSPICIOUS_MOVE = YES;
				CLANG_WARN_UNGUARDED_AVAILABILITY = YES_AGGRESSIVE;
				CLANG_WARN_UNREACHABLE_CODE = YES;
				CLANG_WARN__DUPLICATE_METHOD_MATCH = YES;
				COPY_PHASE_STRIP = NO;
				DEBUG_INFORMATION_FORMAT = "dwarf-with-dsym";
				ENABLE_NS_ASSERTIONS = NO;
				ENABLE_STRICT_OBJC_MSGSEND = YES;
				GCC_C_LANGUAGE_STANDARD = gnu11;
				GCC_NO_COMMON_BLOCKS = YES;
				GCC_WARN_64_TO_32_BIT_CONVERSION = YES;
				GCC_WARN_ABOUT_RETURN_TYPE = YES_ERROR;
				GCC_WARN_UNDECLARED_SELECTOR = YES;
				GCC_WARN_UNINITIALIZED_AUTOS = YES_AGGRESSIVE;
				GCC_WARN_UNUSED_FUNCTION = YES;
				GCC_WARN_UNUSED_VARIABLE = YES;
				MACOSX_DEPLOYMENT_TARGET = 12.0;
				MTL_ENABLE_DEBUG_INFO = NO;
				MTL_FAST_MATH = YES;
				SDKROOT = macosx;
				SWIFT_COMPILATION_MODE = wholemodule;
				SWIFT_OPTIMIZATION_LEVEL = "-O";
			};
			name = Release;
		};
		266096DE26F1B55100D3E245 /* Debug */ = {
			isa = XCBuildConfiguration;
			buildSettings = {
				ASSETCATALOG_COMPILER_APPICON_NAME = AppIcon;
				ASSETCATALOG_COMPILER_GLOBAL_ACCENT_COLOR_NAME = AccentColor;
				CODE_SIGN_STYLE = Automatic;
				COMBINE_HIDPI_IMAGES = YES;
				CURRENT_PROJECT_VERSION = 1;
				DEVELOPMENT_ASSET_PATHS = "\"MountainAirportMac/Preview Content\"";
				ENABLE_APP_SANDBOX = YES;
				ENABLE_PREVIEWS = YES;
				ENABLE_USER_SELECTED_FILES = readonly;
				GENERATE_INFOPLIST_FILE = YES;
				INFOPLIST_KEY_NSHumanReadableCopyright = "";
				LD_RUNPATH_SEARCH_PATHS = (
					"$(inherited)",
					"@executable_path/../Frameworks",
				);
				MACOSX_DEPLOYMENT_TARGET = 12.0;
				MARKETING_VERSION = 1.0;
				PRODUCT_BUNDLE_IDENTIFIER = com.raywenderlich.MountainAirportMac;
				PRODUCT_NAME = "$(TARGET_NAME)";
				SWIFT_EMIT_LOC_STRINGS = YES;
				SWIFT_VERSION = 5.0;
			};
			name = Debug;
		};
		266096DF26F1B55100D3E245 /* Release */ = {
			isa = XCBuildConfiguration;
			buildSettings = {
				ASSETCATALOG_COMPILER_APPICON_NAME = AppIcon;
				ASSETCATALOG_COMPILER_GLOBAL_ACCENT_COLOR_NAME = AccentColor;
				CODE_SIGN_STYLE = Automatic;
				COMBINE_HIDPI_IMAGES = YES;
				CURRENT_PROJECT_VERSION = 1;
				DEVELOPMENT_ASSET_PATHS = "\"MountainAirportMac/Preview Content\"";
				ENABLE_APP_SANDBOX = YES;
				ENABLE_PREVIEWS = YES;
				ENABLE_USER_SELECTED_FILES = readonly;
				GENERATE_INFOPLIST_FILE = YES;
				INFOPLIST_KEY_NSHumanReadableCopyright = "";
				LD_RUNPATH_SEARCH_PATHS = (
					"$(inherited)",
					"@executable_path/../Frameworks",
				);
				MACOSX_DEPLOYMENT_TARGET = 12.0;
				MARKETING_VERSION = 1.0;
				PRODUCT_BUNDLE_IDENTIFIER = com.raywenderlich.MountainAirportMac;
				PRODUCT_NAME = "$(TARGET_NAME)";
				SWIFT_EMIT_LOC_STRINGS = YES;
				SWIFT_VERSION = 5.0;
			};
			name = Release;
		};
/* End XCBuildConfiguration section */

/* Begin XCConfigurationList section */
		266096CA26F1B55100D3E245 /* Build configuration list for PBXProject "MountainAirportMac" */ = {
			isa = XCConfigurationList;
			buildConfigurations = (
				266096DB26F1B55100D3E245 /* Debug */,
				266096DC26F1B55100D3E245 /* Release */,
			);
			defaultConfigurationIsVisible = 0;
			defaultConfigurationName = Release;
		};
		266096DD26F1B55100D3E245 /* Build configuration list for PBXNativeTarget "MountainAirportMac" */ = {
			isa = XCConfigurationList;
			buildConfigurations = (
				266096DE26F1B55100D3E245 /* Debug */,
				266096DF26F1B55100D3E245 /* Release */,
			);
			defaultConfigurationIsVisible = 0;
			defaultConfigurationName = Release;
		};
/* End XCConfigurationList section */
	};
	rootObject = 266096C726F1B55100D3E245 /* Project object */;
}
