// !$*UTF8*$!
{
	archiveVersion = 1;
	classes = {
	};
	objectVersion = 52;
	objects = {

/* Begin PBXBuildFile section */
		18D775C122AD944300AE281E /* AppDelegate.swift in Sources */ = {isa = PBXBuildFile; fileRef = 18D775C022AD944300AE281E /* AppDelegate.swift */; };
		18D775C322AD944300AE281E /* SceneDelegate.swift in Sources */ = {isa = PBXBuildFile; fileRef = 18D775C222AD944300AE281E /* SceneDelegate.swift */; };
		18D775C522AD944300AE281E /* ContentView.swift in Sources */ = {isa = PBXBuildFile; fileRef = 18D775C422AD944300AE281E /* ContentView.swift */; };
		18D775C722AD944400AE281E /* Assets.xcassets in Resources */ = {isa = PBXBuildFile; fileRef = 18D775C622AD944400AE281E /* Assets.xcassets */; };
		18D775CA22AD944400AE281E /* Preview Assets.xcassets in Resources */ = {isa = PBXBuildFile; fileRef = 18D775C922AD944400AE281E /* Preview Assets.xcassets */; };
		18D775D822AD963800AE281E /* LaunchScreen.storyboard in Resources */ = {isa = PBXBuildFile; fileRef = 18D775DA22AD963800AE281E /* LaunchScreen.storyboard */; };
		A92DC8C3245C679300E534AB /* FlightTimeline.swift in Sources */ = {isa = PBXBuildFile; fileRef = A92DC8C2245C679300E534AB /* FlightTimeline.swift */; };
		A92DC8C5245C69D300E534AB /* GridView.swift in Sources */ = {isa = PBXBuildFile; fileRef = A92DC8C4245C69D300E534AB /* GridView.swift */; };
		A95762BF22E2114500ED50A4 /* FlightDetails.swift in Sources */ = {isa = PBXBuildFile; fileRef = A95762BE22E2114500ED50A4 /* FlightDetails.swift */; };
		A9BD0F5F245B498D003D3F99 /* TimelineTableViewCell in Frameworks */ = {isa = PBXBuildFile; productRef = A9BD0F5E245B498D003D3F99 /* TimelineTableViewCell */; };
		A9BD0F6A245B52B1003D3F99 /* TimelineTableViewCell.xib in Resources */ = {isa = PBXBuildFile; fileRef = A9BD0F69245B52B1003D3F99 /* TimelineTableViewCell.xib */; };
		A9BD0F6C245B5512003D3F99 /* FlightConditionals.swift in Sources */ = {isa = PBXBuildFile; fileRef = A9BD0F6B245B5512003D3F99 /* FlightConditionals.swift */; };
		A9BD0F6E245B552E003D3F99 /* FlightTimeHistory.swift in Sources */ = {isa = PBXBuildFile; fileRef = A9BD0F6D245B552E003D3F99 /* FlightTimeHistory.swift */; };
		A9CF017722FA4C7D009B3CC0 /* FlightHistory.swift in Sources */ = {isa = PBXBuildFile; fileRef = A9CF017622FA4C7D009B3CC0 /* FlightHistory.swift */; };
		A9CF017D22FA4C86009B3CC0 /* AirportAwards.swift in Sources */ = {isa = PBXBuildFile; fileRef = A9CF017822FA4C85009B3CC0 /* AirportAwards.swift */; };
		A9CF017E22FA4C86009B3CC0 /* AirportMealAward.swift in Sources */ = {isa = PBXBuildFile; fileRef = A9CF017922FA4C85009B3CC0 /* AirportMealAward.swift */; };
		A9CF017F22FA4C86009B3CC0 /* FirstVisitAward.swift in Sources */ = {isa = PBXBuildFile; fileRef = A9CF017A22FA4C85009B3CC0 /* FirstVisitAward.swift */; };
		A9CF018022FA4C86009B3CC0 /* OverNightParkAward.swift in Sources */ = {isa = PBXBuildFile; fileRef = A9CF017B22FA4C85009B3CC0 /* OverNightParkAward.swift */; };
		A9CF018122FA4C86009B3CC0 /* FirstFlightAward.swift in Sources */ = {isa = PBXBuildFile; fileRef = A9CF017C22FA4C85009B3CC0 /* FirstFlightAward.swift */; };
		E623EDB62309CE3E00C90965 /* AwardInformation.swift in Sources */ = {isa = PBXBuildFile; fileRef = E623EDB52309CE3E00C90965 /* AwardInformation.swift */; };
		E623EDB72309CEED00C90965 /* HypocycloidView.swift in Sources */ = {isa = PBXBuildFile; fileRef = E6885F4E23007995006ECADE /* HypocycloidView.swift */; };
		E6DD235022D8FADE00C0D288 /* FlightBoardInformation.swift in Sources */ = {isa = PBXBuildFile; fileRef = E6DD234F22D8FADE00C0D288 /* FlightBoardInformation.swift */; };
		E6EC6D4722D6AE0A006EC6C2 /* FlightInformation.swift in Sources */ = {isa = PBXBuildFile; fileRef = E6EC6D4622D6AE0A006EC6C2 /* FlightInformation.swift */; };
		E6EC6D4B22D6B515006EC6C2 /* FlightBoard.swift in Sources */ = {isa = PBXBuildFile; fileRef = E6EC6D4A22D6B514006EC6C2 /* FlightBoard.swift */; };
		E6EC6D4D22D6BA40006EC6C2 /* FlightRow.swift in Sources */ = {isa = PBXBuildFile; fileRef = E6EC6D4C22D6BA40006EC6C2 /* FlightRow.swift */; };
/* End PBXBuildFile section */

/* Begin PBXFileReference section */
		18D775BD22AD944300AE281E /* MountainAirport.app */ = {isa = PBXFileReference; explicitFileType = wrapper.application; includeInIndex = 0; path = MountainAirport.app; sourceTree = BUILT_PRODUCTS_DIR; };
		18D775C022AD944300AE281E /* AppDelegate.swift */ = {isa = PBXFileReference; lastKnownFileType = sourcecode.swift; path = AppDelegate.swift; sourceTree = "<group>"; };
		18D775C222AD944300AE281E /* SceneDelegate.swift */ = {isa = PBXFileReference; lastKnownFileType = sourcecode.swift; path = SceneDelegate.swift; sourceTree = "<group>"; };
		18D775C422AD944300AE281E /* ContentView.swift */ = {isa = PBXFileReference; indentWidth = 2; lastKnownFileType = sourcecode.swift; path = ContentView.swift; sourceTree = "<group>"; tabWidth = 2; };
		18D775C622AD944400AE281E /* Assets.xcassets */ = {isa = PBXFileReference; lastKnownFileType = folder.assetcatalog; path = Assets.xcassets; sourceTree = "<group>"; };
		18D775C922AD944400AE281E /* Preview Assets.xcassets */ = {isa = PBXFileReference; lastKnownFileType = folder.assetcatalog; path = "Preview Assets.xcassets"; sourceTree = "<group>"; };
		18D775CE22AD944400AE281E /* Info.plist */ = {isa = PBXFileReference; lastKnownFileType = text.plist.xml; path = Info.plist; sourceTree = "<group>"; };
		18D775DE22AD96B400AE281E /* Base */ = {isa = PBXFileReference; lastKnownFileType = file.storyboard; name = Base; path = Base.lproj/LaunchScreen.storyboard; sourceTree = "<group>"; };
		A92DC8C2245C679300E534AB /* FlightTimeline.swift */ = {isa = PBXFileReference; lastKnownFileType = sourcecode.swift; path = FlightTimeline.swift; sourceTree = "<group>"; };
		A92DC8C4245C69D300E534AB /* GridView.swift */ = {isa = PBXFileReference; lastKnownFileType = sourcecode.swift; path = GridView.swift; sourceTree = "<group>"; };
		A95762BE22E2114500ED50A4 /* FlightDetails.swift */ = {isa = PBXFileReference; indentWidth = 2; lastKnownFileType = sourcecode.swift; path = FlightDetails.swift; sourceTree = "<group>"; tabWidth = 2; };
		A9BD0F69245B52B1003D3F99 /* TimelineTableViewCell.xib */ = {isa = PBXFileReference; fileEncoding = 4; lastKnownFileType = file.xib; path = TimelineTableViewCell.xib; sourceTree = "<group>"; };
		A9BD0F6B245B5512003D3F99 /* FlightConditionals.swift */ = {isa = PBXFileReference; fileEncoding = 4; lastKnownFileType = sourcecode.swift; path = FlightConditionals.swift; sourceTree = "<group>"; };
		A9BD0F6D245B552E003D3F99 /* FlightTimeHistory.swift */ = {isa = PBXFileReference; fileEncoding = 4; lastKnownFileType = sourcecode.swift; path = FlightTimeHistory.swift; sourceTree = "<group>"; };
		A9CF017622FA4C7D009B3CC0 /* FlightHistory.swift */ = {isa = PBXFileReference; fileEncoding = 4; lastKnownFileType = sourcecode.swift; path = FlightHistory.swift; sourceTree = "<group>"; };
		A9CF017822FA4C85009B3CC0 /* AirportAwards.swift */ = {isa = PBXFileReference; fileEncoding = 4; indentWidth = 2; lastKnownFileType = sourcecode.swift; name = AirportAwards.swift; path = AwardViews/AirportAwards.swift; sourceTree = "<group>"; tabWidth = 2; };
		A9CF017922FA4C85009B3CC0 /* AirportMealAward.swift */ = {isa = PBXFileReference; fileEncoding = 4; lastKnownFileType = sourcecode.swift; path = AirportMealAward.swift; sourceTree = "<group>"; };
		A9CF017A22FA4C85009B3CC0 /* FirstVisitAward.swift */ = {isa = PBXFileReference; fileEncoding = 4; lastKnownFileType = sourcecode.swift; path = FirstVisitAward.swift; sourceTree = "<group>"; };
		A9CF017B22FA4C85009B3CC0 /* OverNightParkAward.swift */ = {isa = PBXFileReference; fileEncoding = 4; lastKnownFileType = sourcecode.swift; path = OverNightParkAward.swift; sourceTree = "<group>"; };
		A9CF017C22FA4C85009B3CC0 /* FirstFlightAward.swift */ = {isa = PBXFileReference; fileEncoding = 4; lastKnownFileType = sourcecode.swift; path = FirstFlightAward.swift; sourceTree = "<group>"; };
		E623EDB52309CE3E00C90965 /* AwardInformation.swift */ = {isa = PBXFileReference; indentWidth = 2; lastKnownFileType = sourcecode.swift; path = AwardInformation.swift; sourceTree = "<group>"; tabWidth = 2; };
		E6885F4E23007995006ECADE /* HypocycloidView.swift */ = {isa = PBXFileReference; lastKnownFileType = sourcecode.swift; path = HypocycloidView.swift; sourceTree = "<group>"; };
		E6DD234F22D8FADE00C0D288 /* FlightBoardInformation.swift */ = {isa = PBXFileReference; indentWidth = 2; lastKnownFileType = sourcecode.swift; path = FlightBoardInformation.swift; sourceTree = "<group>"; tabWidth = 2; };
		E6EC6D4622D6AE0A006EC6C2 /* FlightInformation.swift */ = {isa = PBXFileReference; lastKnownFileType = sourcecode.swift; path = FlightInformation.swift; sourceTree = "<group>"; };
		E6EC6D4A22D6B514006EC6C2 /* FlightBoard.swift */ = {isa = PBXFileReference; lastKnownFileType = sourcecode.swift; path = FlightBoard.swift; sourceTree = "<group>"; };
		E6EC6D4C22D6BA40006EC6C2 /* FlightRow.swift */ = {isa = PBXFileReference; indentWidth = 2; lastKnownFileType = sourcecode.swift; path = FlightRow.swift; sourceTree = "<group>"; tabWidth = 2; };
/* End PBXFileReference section */

/* Begin PBXFrameworksBuildPhase section */
		18D775BA22AD944300AE281E /* Frameworks */ = {
			isa = PBXFrameworksBuildPhase;
			buildActionMask = 2147483647;
			files = (
				A9BD0F5F245B498D003D3F99 /* TimelineTableViewCell in Frameworks */,
			);
			runOnlyForDeploymentPostprocessing = 0;
		};
/* End PBXFrameworksBuildPhase section */

/* Begin PBXGroup section */
		18D775B422AD944300AE281E = {
			isa = PBXGroup;
			children = (
				18D775BF22AD944300AE281E /* MountainAirport */,
				18D775BE22AD944300AE281E /* Products */,
			);
			sourceTree = "<group>";
		};
		18D775BE22AD944300AE281E /* Products */ = {
			isa = PBXGroup;
			children = (
				18D775BD22AD944300AE281E /* MountainAirport.app */,
			);
			name = Products;
			sourceTree = "<group>";
		};
		18D775BF22AD944300AE281E /* MountainAirport */ = {
			isa = PBXGroup;
			children = (
				A9BD0F68245B52A2003D3F99 /* UI */,
				E6885F4D2300798B006ECADE /* AwardViews */,
				E6E2AE7B22D8D08600A3455A /* Models */,
				18D775C022AD944300AE281E /* AppDelegate.swift */,
				18D775C222AD944300AE281E /* SceneDelegate.swift */,
				18D775C422AD944300AE281E /* ContentView.swift */,
				E6EC6D4A22D6B514006EC6C2 /* FlightBoard.swift */,
				E6EC6D4C22D6BA40006EC6C2 /* FlightRow.swift */,
				E6DD234F22D8FADE00C0D288 /* FlightBoardInformation.swift */,
				A9BD0F6B245B5512003D3F99 /* FlightConditionals.swift */,
				A9BD0F6D245B552E003D3F99 /* FlightTimeHistory.swift */,
				A95762BE22E2114500ED50A4 /* FlightDetails.swift */,
				A9CF017822FA4C85009B3CC0 /* AirportAwards.swift */,
				A92DC8C2245C679300E534AB /* FlightTimeline.swift */,
				A92DC8C4245C69D300E534AB /* GridView.swift */,
				18D775C622AD944400AE281E /* Assets.xcassets */,
				18D775DA22AD963800AE281E /* LaunchScreen.storyboard */,
				18D775CE22AD944400AE281E /* Info.plist */,
				18D775C822AD944400AE281E /* Preview Content */,
			);
			path = MountainAirport;
			sourceTree = "<group>";
		};
		18D775C822AD944400AE281E /* Preview Content */ = {
			isa = PBXGroup;
			children = (
				18D775C922AD944400AE281E /* Preview Assets.xcassets */,
			);
			path = "Preview Content";
			sourceTree = "<group>";
		};
		A9BD0F68245B52A2003D3F99 /* UI */ = {
			isa = PBXGroup;
			children = (
				A9BD0F69245B52B1003D3F99 /* TimelineTableViewCell.xib */,
			);
			path = UI;
			sourceTree = "<group>";
		};
		E6885F4D2300798B006ECADE /* AwardViews */ = {
			isa = PBXGroup;
			children = (
				A9CF017922FA4C85009B3CC0 /* AirportMealAward.swift */,
				A9CF017C22FA4C85009B3CC0 /* FirstFlightAward.swift */,
				A9CF017A22FA4C85009B3CC0 /* FirstVisitAward.swift */,
				A9CF017B22FA4C85009B3CC0 /* OverNightParkAward.swift */,
				E6885F4E23007995006ECADE /* HypocycloidView.swift */,
			);
			path = AwardViews;
			sourceTree = "<group>";
		};
		E6E2AE7B22D8D08600A3455A /* Models */ = {
			isa = PBXGroup;
			children = (
				A9CF017622FA4C7D009B3CC0 /* FlightHistory.swift */,
				E6EC6D4622D6AE0A006EC6C2 /* FlightInformation.swift */,
				E623EDB52309CE3E00C90965 /* AwardInformation.swift */,
			);
			path = Models;
			sourceTree = "<group>";
		};
/* End PBXGroup section */

/* Begin PBXNativeTarget section */
		18D775BC22AD944300AE281E /* MountainAirport */ = {
			isa = PBXNativeTarget;
			buildConfigurationList = 18D775D122AD944400AE281E /* Build configuration list for PBXNativeTarget "MountainAirport" */;
			buildPhases = (
				18D775B922AD944300AE281E /* Sources */,
				18D775BA22AD944300AE281E /* Frameworks */,
				18D775BB22AD944300AE281E /* Resources */,
			);
			buildRules = (
			);
			dependencies = (
			);
			name = MountainAirport;
			packageProductDependencies = (
				A9BD0F5E245B498D003D3F99 /* TimelineTableViewCell */,
			);
			productName = MyRWTutorial;
			productReference = 18D775BD22AD944300AE281E /* MountainAirport.app */;
			productType = "com.apple.product-type.application";
		};
/* End PBXNativeTarget section */

/* Begin PBXProject section */
		18D775B522AD944300AE281E /* Project object */ = {
			isa = PBXProject;
			attributes = {
				LastSwiftUpdateCheck = 1100;
				LastUpgradeCheck = 1100;
				ORGANIZATIONNAME = "Ray Wenderlich";
				TargetAttributes = {
					18D775BC22AD944300AE281E = {
						CreatedOnToolsVersion = 11.0;
					};
				};
			};
			buildConfigurationList = 18D775B822AD944300AE281E /* Build configuration list for PBXProject "MountainAirport" */;
			compatibilityVersion = "Xcode 11.0";
			developmentRegion = en;
			hasScannedForEncodings = 0;
			knownRegions = (
				en,
				Base,
			);
			mainGroup = 18D775B422AD944300AE281E;
			packageReferences = (
				A9BD0F5D245B498D003D3F99 /* XCRemoteSwiftPackageReference "TimelineTableViewCell" */,
			);
			productRefGroup = 18D775BE22AD944300AE281E /* Products */;
			projectDirPath = "";
			projectRoot = "";
			targets = (
				18D775BC22AD944300AE281E /* MountainAirport */,
			);
		};
/* End PBXProject section */

/* Begin PBXResourcesBuildPhase section */
		18D775BB22AD944300AE281E /* Resources */ = {
			isa = PBXResourcesBuildPhase;
			buildActionMask = 2147483647;
			files = (
				A9BD0F6A245B52B1003D3F99 /* TimelineTableViewCell.xib in Resources */,
				18D775D822AD963800AE281E /* LaunchScreen.storyboard in Resources */,
				18D775CA22AD944400AE281E /* Preview Assets.xcassets in Resources */,
				18D775C722AD944400AE281E /* Assets.xcassets in Resources */,
			);
			runOnlyForDeploymentPostprocessing = 0;
		};
/* End PBXResourcesBuildPhase section */

/* Begin PBXSourcesBuildPhase section */
		18D775B922AD944300AE281E /* Sources */ = {
			isa = PBXSourcesBuildPhase;
			buildActionMask = 2147483647;
			files = (
				A9CF018122FA4C86009B3CC0 /* FirstFlightAward.swift in Sources */,
				A9CF017E22FA4C86009B3CC0 /* AirportMealAward.swift in Sources */,
				E6EC6D4D22D6BA40006EC6C2 /* FlightRow.swift in Sources */,
				A9CF017722FA4C7D009B3CC0 /* FlightHistory.swift in Sources */,
				18D775C122AD944300AE281E /* AppDelegate.swift in Sources */,
				A95762BF22E2114500ED50A4 /* FlightDetails.swift in Sources */,
				A92DC8C3245C679300E534AB /* FlightTimeline.swift in Sources */,
				A9BD0F6C245B5512003D3F99 /* FlightConditionals.swift in Sources */,
				18D775C322AD944300AE281E /* SceneDelegate.swift in Sources */,
				E6EC6D4722D6AE0A006EC6C2 /* FlightInformation.swift in Sources */,
				A9BD0F6E245B552E003D3F99 /* FlightTimeHistory.swift in Sources */,
				E6DD235022D8FADE00C0D288 /* FlightBoardInformation.swift in Sources */,
				E623EDB72309CEED00C90965 /* HypocycloidView.swift in Sources */,
				A9CF017D22FA4C86009B3CC0 /* AirportAwards.swift in Sources */,
				A9CF018022FA4C86009B3CC0 /* OverNightParkAward.swift in Sources */,
				E6EC6D4B22D6B515006EC6C2 /* FlightBoard.swift in Sources */,
				A9CF017F22FA4C86009B3CC0 /* FirstVisitAward.swift in Sources */,
				E623EDB62309CE3E00C90965 /* AwardInformation.swift in Sources */,
				A92DC8C5245C69D300E534AB /* GridView.swift in Sources */,
				18D775C522AD944300AE281E /* ContentView.swift in Sources */,
			);
			runOnlyForDeploymentPostprocessing = 0;
		};
/* End PBXSourcesBuildPhase section */

/* Begin PBXVariantGroup section */
		18D775DA22AD963800AE281E /* LaunchScreen.storyboard */ = {
			isa = PBXVariantGroup;
			children = (
				18D775DE22AD96B400AE281E /* Base */,
			);
			name = LaunchScreen.storyboard;
			sourceTree = "<group>";
		};
/* End PBXVariantGroup section */

/* Begin XCBuildConfiguration section */
		18D775CF22AD944400AE281E /* Debug */ = {
			isa = XCBuildConfiguration;
			buildSettings = {
				ALWAYS_SEARCH_USER_PATHS = NO;
				CLANG_ANALYZER_NONNULL = YES;
				CLANG_ANALYZER_NUMBER_OBJECT_CONVERSION = YES_AGGRESSIVE;
				CLANG_CXX_LANGUAGE_STANDARD = "gnu++14";
				CLANG_CXX_LIBRARY = "libc++";
				CLANG_ENABLE_MODULES = YES;
				CLANG_ENABLE_OBJC_ARC = YES;
				CLANG_ENABLE_OBJC_WEAK = YES;
				CLANG_WARN_BLOCK_CAPTURE_AUTORELEASING = YES;
				CLANG_WARN_BOOL_CONVERSION = YES;
				CLANG_WARN_COMMA = YES;
				CLANG_WARN_CONSTANT_CONVERSION = YES;
				CLANG_WARN_DEPRECATED_OBJC_IMPLEMENTATIONS = YES;
				CLANG_WARN_DIRECT_OBJC_ISA_USAGE = YES_ERROR;
				CLANG_WARN_DOCUMENTATION_COMMENTS = YES;
				CLANG_WARN_EMPTY_BODY = YES;
				CLANG_WARN_ENUM_CONVERSION = YES;
				CLANG_WARN_INFINITE_RECURSION = YES;
				CLANG_WARN_INT_CONVERSION = YES;
				CLANG_WARN_NON_LITERAL_NULL_CONVERSION = YES;
				CLANG_WARN_OBJC_IMPLICIT_RETAIN_SELF = YES;
				CLANG_WARN_OBJC_LITERAL_CONVERSION = YES;
				CLANG_WARN_OBJC_ROOT_CLASS = YES_ERROR;
				CLANG_WARN_RANGE_LOOP_ANALYSIS = YES;
				CLANG_WARN_STRICT_PROTOTYPES = YES;
				CLANG_WARN_SUSPICIOUS_MOVE = YES;
				CLANG_WARN_UNGUARDED_AVAILABILITY = YES_AGGRESSIVE;
				CLANG_WARN_UNREACHABLE_CODE = YES;
				CLANG_WARN__DUPLICATE_METHOD_MATCH = YES;
				COPY_PHASE_STRIP = NO;
				DEBUG_INFORMATION_FORMAT = dwarf;
				ENABLE_STRICT_OBJC_MSGSEND = YES;
				ENABLE_TESTABILITY = YES;
				GCC_C_LANGUAGE_STANDARD = gnu11;
				GCC_DYNAMIC_NO_PIC = NO;
				GCC_NO_COMMON_BLOCKS = YES;
				GCC_OPTIMIZATION_LEVEL = 0;
				GCC_PREPROCESSOR_DEFINITIONS = (
					"DEBUG=1",
					"$(inherited)",
				);
				GCC_WARN_64_TO_32_BIT_CONVERSION = YES;
				GCC_WARN_ABOUT_RETURN_TYPE = YES_ERROR;
				GCC_WARN_UNDECLARED_SELECTOR = YES;
				GCC_WARN_UNINITIALIZED_AUTOS = YES_AGGRESSIVE;
				GCC_WARN_UNUSED_FUNCTION = YES;
				GCC_WARN_UNUSED_VARIABLE = YES;
				IPHONEOS_DEPLOYMENT_TARGET = 13.0;
				MTL_ENABLE_DEBUG_INFO = INCLUDE_SOURCE;
				MTL_FAST_MATH = YES;
				ONLY_ACTIVE_ARCH = YES;
				SDKROOT = iphoneos;
				SWIFT_ACTIVE_COMPILATION_CONDITIONS = DEBUG;
				SWIFT_OPTIMIZATION_LEVEL = "-Onone";
			};
			name = Debug;
		};
		18D775D022AD944400AE281E /* Release */ = {
			isa = XCBuildConfiguration;
			buildSettings = {
				ALWAYS_SEARCH_USER_PATHS = NO;
				CLANG_ANALYZER_NONNULL = YES;
				CLANG_ANALYZER_NUMBER_OBJECT_CONVERSION = YES_AGGRESSIVE;
				CLANG_CXX_LANGUAGE_STANDARD = "gnu++14";
				CLANG_CXX_LIBRARY = "libc++";
				CLANG_ENABLE_MODULES = YES;
				CLANG_ENABLE_OBJC_ARC = YES;
				CLANG_ENABLE_OBJC_WEAK = YES;
				CLANG_WARN_BLOCK_CAPTURE_AUTORELEASING = YES;
				CLANG_WARN_BOOL_CONVERSION = YES;
				CLANG_WARN_COMMA = YES;
				CLANG_WARN_CONSTANT_CONVERSION = YES;
				CLANG_WARN_DEPRECATED_OBJC_IMPLEMENTATIONS = YES;
				CLANG_WARN_DIRECT_OBJC_ISA_USAGE = YES_ERROR;
				CLANG_WARN_DOCUMENTATION_COMMENTS = YES;
				CLANG_WARN_EMPTY_BODY = YES;
				CLANG_WARN_ENUM_CONVERSION = YES;
				CLANG_WARN_INFINITE_RECURSION = YES;
				CLANG_WARN_INT_CONVERSION = YES;
				CLANG_WARN_NON_LITERAL_NULL_CONVERSION = YES;
				CLANG_WARN_OBJC_IMPLICIT_RETAIN_SELF = YES;
				CLANG_WARN_OBJC_LITERAL_CONVERSION = YES;
				CLANG_WARN_OBJC_ROOT_CLASS = YES_ERROR;
				CLANG_WARN_RANGE_LOOP_ANALYSIS = YES;
				CLANG_WARN_STRICT_PROTOTYPES = YES;
				CLANG_WARN_SUSPICIOUS_MOVE = YES;
				CLANG_WARN_UNGUARDED_AVAILABILITY = YES_AGGRESSIVE;
				CLANG_WARN_UNREACHABLE_CODE = YES;
				CLANG_WARN__DUPLICATE_METHOD_MATCH = YES;
				COPY_PHASE_STRIP = NO;
				DEBUG_INFORMATION_FORMAT = "dwarf-with-dsym";
				ENABLE_NS_ASSERTIONS = NO;
				ENABLE_STRICT_OBJC_MSGSEND = YES;
				GCC_C_LANGUAGE_STANDARD = gnu11;
				GCC_NO_COMMON_BLOCKS = YES;
				GCC_WARN_64_TO_32_BIT_CONVERSION = YES;
				GCC_WARN_ABOUT_RETURN_TYPE = YES_ERROR;
				GCC_WARN_UNDECLARED_SELECTOR = YES;
				GCC_WARN_UNINITIALIZED_AUTOS = YES_AGGRESSIVE;
				GCC_WARN_UNUSED_FUNCTION = YES;
				GCC_WARN_UNUSED_VARIABLE = YES;
				IPHONEOS_DEPLOYMENT_TARGET = 13.0;
				MTL_ENABLE_DEBUG_INFO = NO;
				MTL_FAST_MATH = YES;
				SDKROOT = iphoneos;
				SWIFT_COMPILATION_MODE = wholemodule;
				SWIFT_OPTIMIZATION_LEVEL = "-O";
				VALIDATE_PRODUCT = YES;
			};
			name = Release;
		};
		18D775D222AD944400AE281E /* Debug */ = {
			isa = XCBuildConfiguration;
			buildSettings = {
				ASSETCATALOG_COMPILER_APPICON_NAME = AppIcon;
				CODE_SIGN_STYLE = Automatic;
				DEVELOPMENT_ASSET_PATHS = "MountainAirport/Preview\\ Content";
				DEVELOPMENT_TEAM = "";
				ENABLE_PREVIEWS = YES;
				INFOPLIST_FILE = MountainAirport/Info.plist;
				LD_RUNPATH_SEARCH_PATHS = (
					"$(inherited)",
					"@executable_path/Frameworks",
				);
				PRODUCT_BUNDLE_IDENTIFIER = com.raywenderlich.MountainAirport;
				PRODUCT_NAME = "$(TARGET_NAME)";
				SWIFT_VERSION = 5.0;
				TARGETED_DEVICE_FAMILY = "1,2";
			};
			name = Debug;
		};
		18D775D322AD944400AE281E /* Release */ = {
			isa = XCBuildConfiguration;
			buildSettings = {
				ASSETCATALOG_COMPILER_APPICON_NAME = AppIcon;
				CODE_SIGN_STYLE = Automatic;
				DEVELOPMENT_ASSET_PATHS = "MountainAirport/Preview\\ Content";
				DEVELOPMENT_TEAM = "";
				ENABLE_PREVIEWS = YES;
				INFOPLIST_FILE = MountainAirport/Info.plist;
				LD_RUNPATH_SEARCH_PATHS = (
					"$(inherited)",
					"@executable_path/Frameworks",
				);
				PRODUCT_BUNDLE_IDENTIFIER = com.raywenderlich.MountainAirport;
				PRODUCT_NAME = "$(TARGET_NAME)";
				SWIFT_VERSION = 5.0;
				TARGETED_DEVICE_FAMILY = "1,2";
			};
			name = Release;
		};
/* End XCBuildConfiguration section */

/* Begin XCConfigurationList section */
		18D775B822AD944300AE281E /* Build configuration list for PBXProject "MountainAirport" */ = {
			isa = XCConfigurationList;
			buildConfigurations = (
				18D775CF22AD944400AE281E /* Debug */,
				18D775D022AD944400AE281E /* Release */,
			);
			defaultConfigurationIsVisible = 0;
			defaultConfigurationName = Release;
		};
		18D775D122AD944400AE281E /* Build configuration list for PBXNativeTarget "MountainAirport" */ = {
			isa = XCConfigurationList;
			buildConfigurations = (
				18D775D222AD944400AE281E /* Debug */,
				18D775D322AD944400AE281E /* Release */,
			);
			defaultConfigurationIsVisible = 0;
			defaultConfigurationName = Release;
		};
/* End XCConfigurationList section */

/* Begin XCRemoteSwiftPackageReference section */
		A9BD0F5D245B498D003D3F99 /* XCRemoteSwiftPackageReference "TimelineTableViewCell" */ = {
			isa = XCRemoteSwiftPackageReference;
			repositoryURL = "https://github.com/kf99916/TimelineTableViewCell.git";
			requirement = {
				kind = upToNextMajorVersion;
				minimumVersion = 2.2.1;
			};
		};
/* End XCRemoteSwiftPackageReference section */

/* Begin XCSwiftPackageProductDependency section */
		A9BD0F5E245B498D003D3F99 /* TimelineTableViewCell */ = {
			isa = XCSwiftPackageProductDependency;
			package = A9BD0F5D245B498D003D3F99 /* XCRemoteSwiftPackageReference "TimelineTableViewCell" */;
			productName = TimelineTableViewCell;
		};
/* End XCSwiftPackageProductDependency section */
	};
	rootObject = 18D775B522AD944300AE281E /* Project object */;
}
