{
  "object": {
    "pins": [
      {
        "package": "MarkdownKit",
        "repositoryURL": "https://github.com/objecthub/swift-markdownkit",
        "state": {
          "branch": null,
          "revision": "e3b079151f9ca51ae0ada3087ad52a2642a45217",
          "version": "1.1.2"
        }
      }
    ]
  },
  "version": 1
}
