<?xml version="1.0" encoding="UTF-8"?>
<Scheme
   LastUpgradeVersion = "1220"
   version = "1.3">
   <BuildAction
      parallelizeBuildables = "YES"
      buildImplicitDependencies = "YES">
      <BuildActionEntries>
         <BuildActionEntry
            buildForTesting = "YES"
            buildForRunning = "YES"
            buildForProfiling = "YES"
            buildForArchiving = "YES"
            buildForAnalyzing = "YES">
            <BuildableReference
               BuildableIdentifier = "primary"
<<<<<<< HEAD:20-building-a-mac-app/projects/final/MacMarkDown.xcodeproj/xcshareddata/xcschemes/MacMarkDown.xcscheme
               BlueprintIdentifier = "26108D46250C5457009866ED"
               BuildableName = "MacMarkDown.app"
               BlueprintName = "MacMarkDown"
               ReferencedContainer = "container:MacMarkDown.xcodeproj">
=======
               BlueprintIdentifier = "CD405EF62536AA700062B1CC"
               BuildableName = "RGBullsEye.app"
               BlueprintName = "RGBullsEye"
               ReferencedContainer = "container:RGBullsEye.xcodeproj">
>>>>>>> editions/3.0:03-understanding-swiftui/projects/final/RGBullsEye/RGBullsEye.xcodeproj/xcshareddata/xcschemes/RGBullsEye.xcscheme
            </BuildableReference>
         </BuildActionEntry>
      </BuildActionEntries>
   </BuildAction>
   <TestAction
      buildConfiguration = "Debug"
      selectedDebuggerIdentifier = "Xcode.DebuggerFoundation.Debugger.LLDB"
      selectedLauncherIdentifier = "Xcode.DebuggerFoundation.Launcher.LLDB"
      shouldUseLaunchSchemeArgsEnv = "YES">
      <Testables>
      </Testables>
   </TestAction>
   <LaunchAction
      buildConfiguration = "Debug"
      selectedDebuggerIdentifier = "Xcode.DebuggerFoundation.Debugger.LLDB"
      selectedLauncherIdentifier = "Xcode.DebuggerFoundation.Launcher.LLDB"
      launchStyle = "0"
      useCustomWorkingDirectory = "NO"
      ignoresPersistentStateOnLaunch = "NO"
      debugDocumentVersioning = "YES"
      debugServiceExtension = "internal"
      allowLocationSimulation = "YES">
      <BuildableProductRunnable
         runnableDebuggingMode = "0">
         <BuildableReference
            BuildableIdentifier = "primary"
<<<<<<< HEAD:20-building-a-mac-app/projects/final/MacMarkDown.xcodeproj/xcshareddata/xcschemes/MacMarkDown.xcscheme
            BlueprintIdentifier = "26108D46250C5457009866ED"
            BuildableName = "MacMarkDown.app"
            BlueprintName = "MacMarkDown"
            ReferencedContainer = "container:MacMarkDown.xcodeproj">
=======
            BlueprintIdentifier = "CD405EF62536AA700062B1CC"
            BuildableName = "RGBullsEye.app"
            BlueprintName = "RGBullsEye"
            ReferencedContainer = "container:RGBullsEye.xcodeproj">
>>>>>>> editions/3.0:03-understanding-swiftui/projects/final/RGBullsEye/RGBullsEye.xcodeproj/xcshareddata/xcschemes/RGBullsEye.xcscheme
         </BuildableReference>
      </BuildableProductRunnable>
   </LaunchAction>
   <ProfileAction
      buildConfiguration = "Release"
      shouldUseLaunchSchemeArgsEnv = "YES"
      savedToolIdentifier = ""
      useCustomWorkingDirectory = "NO"
      debugDocumentVersioning = "YES">
      <BuildableProductRunnable
         runnableDebuggingMode = "0">
         <BuildableReference
            BuildableIdentifier = "primary"
<<<<<<< HEAD:20-building-a-mac-app/projects/final/MacMarkDown.xcodeproj/xcshareddata/xcschemes/MacMarkDown.xcscheme
            BlueprintIdentifier = "26108D46250C5457009866ED"
            BuildableName = "MacMarkDown.app"
            BlueprintName = "MacMarkDown"
            ReferencedContainer = "container:MacMarkDown.xcodeproj">
=======
            BlueprintIdentifier = "CD405EF62536AA700062B1CC"
            BuildableName = "RGBullsEye.app"
            BlueprintName = "RGBullsEye"
            ReferencedContainer = "container:RGBullsEye.xcodeproj">
>>>>>>> editions/3.0:03-understanding-swiftui/projects/final/RGBullsEye/RGBullsEye.xcodeproj/xcshareddata/xcschemes/RGBullsEye.xcscheme
         </BuildableReference>
      </BuildableProductRunnable>
   </ProfileAction>
   <AnalyzeAction
      buildConfiguration = "Debug">
   </AnalyzeAction>
   <ArchiveAction
      buildConfiguration = "Release"
      revealArchiveInOrganizer = "YES">
   </ArchiveAction>
</Scheme>
